// !$*UTF8*$!
{
	archiveVersion = 1;
	classes = {
	};
	objectVersion = 46;
	objects = {

/* Begin PBXBuildFile section */
		181CE8E91E77C8FD0092EBF5 /* ManageTableViewController.m in Sources */ = {isa = PBXBuildFile; fileRef = 181CE8E81E77C8FD0092EBF5 /* ManageTableViewController.m */; };
		183926CC1E65C3CE00BED84F /* main.m in Sources */ = {isa = PBXBuildFile; fileRef = 183926CB1E65C3CE00BED84F /* main.m */; };
		183926CF1E65C3CE00BED84F /* AppDelegate.m in Sources */ = {isa = PBXBuildFile; fileRef = 183926CE1E65C3CE00BED84F /* AppDelegate.m */; };
		183926D51E65C3CE00BED84F /* Main.storyboard in Resources */ = {isa = PBXBuildFile; fileRef = 183926D31E65C3CE00BED84F /* Main.storyboard */; };
		183926D71E65C3CE00BED84F /* Assets.xcassets in Resources */ = {isa = PBXBuildFile; fileRef = 183926D61E65C3CE00BED84F /* Assets.xcassets */; };
		183926DA1E65C3CE00BED84F /* LaunchScreen.storyboard in Resources */ = {isa = PBXBuildFile; fileRef = 183926D81E65C3CE00BED84F /* LaunchScreen.storyboard */; };
		183926EA1E664D5100BED84F /* MineTableViewController.m in Sources */ = {isa = PBXBuildFile; fileRef = 183926E91E664D5100BED84F /* MineTableViewController.m */; };
		183926F01E664DA100BED84F /* AboutViewController.m in Sources */ = {isa = PBXBuildFile; fileRef = 183926EF1E664DA100BED84F /* AboutViewController.m */; };
		183926F31E664E0E00BED84F /* HelpViewController.m in Sources */ = {isa = PBXBuildFile; fileRef = 183926F21E664E0E00BED84F /* HelpViewController.m */; };
		183926F61E664E2900BED84F /* MyInfoTableViewController.m in Sources */ = {isa = PBXBuildFile; fileRef = 183926F51E664E2900BED84F /* MyInfoTableViewController.m */; };
		183926F91E6652D300BED84F /* MainTabBarController.m in Sources */ = {isa = PBXBuildFile; fileRef = 183926F81E6652D300BED84F /* MainTabBarController.m */; };
		183926FC1E66588B00BED84F /* MapsTableViewController.m in Sources */ = {isa = PBXBuildFile; fileRef = 183926FB1E66588B00BED84F /* MapsTableViewController.m */; };
		183926FF1E66628600BED84F /* BaseNavigationController.m in Sources */ = {isa = PBXBuildFile; fileRef = 183926FE1E66628600BED84F /* BaseNavigationController.m */; };
		183927031E66657100BED84F /* ConfigTableViewController.m in Sources */ = {isa = PBXBuildFile; fileRef = 183927021E66657100BED84F /* ConfigTableViewController.m */; };
		183927071E66658500BED84F /* AddTableViewController.m in Sources */ = {isa = PBXBuildFile; fileRef = 183927061E66658500BED84F /* AddTableViewController.m */; };
		1839270A1E666C5300BED84F /* APViewController.m in Sources */ = {isa = PBXBuildFile; fileRef = 183927091E666C5300BED84F /* APViewController.m */; };
		1839270E1E666C7400BED84F /* FPViewController.m in Sources */ = {isa = PBXBuildFile; fileRef = 1839270D1E666C7400BED84F /* FPViewController.m */; };
		183927111E666C9000BED84F /* RouteViewController.m in Sources */ = {isa = PBXBuildFile; fileRef = 183927101E666C9000BED84F /* RouteViewController.m */; };
		183927151E667D6400BED84F /* Desktop.jpg in Resources */ = {isa = PBXBuildFile; fileRef = 183927141E667D6400BED84F /* Desktop.jpg */; };
		183927191E66801200BED84F /* AddAPTableViewController.m in Sources */ = {isa = PBXBuildFile; fileRef = 183927181E66801200BED84F /* AddAPTableViewController.m */; };
		1839271C1E668A2200BED84F /* tabbar_mapHL@2x.png in Resources */ = {isa = PBXBuildFile; fileRef = 1839271B1E668A2200BED84F /* tabbar_mapHL@2x.png */; };
		1839271F1E668A7B00BED84F /* tabbar_meHL@2x.png in Resources */ = {isa = PBXBuildFile; fileRef = 1839271D1E668A7B00BED84F /* tabbar_meHL@2x.png */; };
		183927201E668A7B00BED84F /* tabbar_settingHL@2x.png in Resources */ = {isa = PBXBuildFile; fileRef = 1839271E1E668A7B00BED84F /* tabbar_settingHL@2x.png */; };
		183927231E66AE3500BED84F /* map_info.plist in Resources */ = {isa = PBXBuildFile; fileRef = 183927221E66AE3500BED84F /* map_info.plist */; };
		183927261E66B30000BED84F /* MapTableViewCell.m in Sources */ = {isa = PBXBuildFile; fileRef = 183927251E66B30000BED84F /* MapTableViewCell.m */; };
		183927281E66F9EC00BED84F /* iTunesArtwork.png in Resources */ = {isa = PBXBuildFile; fileRef = 183927271E66F9EC00BED84F /* iTunesArtwork.png */; };
		1839272C1E670BC300BED84F /* ChangeNameTableViewController.m in Sources */ = {isa = PBXBuildFile; fileRef = 1839272B1E670BC300BED84F /* ChangeNameTableViewController.m */; };
		183927301E670F7A00BED84F /* APTableViewCell.m in Sources */ = {isa = PBXBuildFile; fileRef = 1839272F1E670F7A00BED84F /* APTableViewCell.m */; };
		183927321E67142E00BED84F /* ap_info.plist in Resources */ = {isa = PBXBuildFile; fileRef = 183927311E67142E00BED84F /* ap_info.plist */; };
		183927351E679C4B00BED84F /* AP_demo.png in Resources */ = {isa = PBXBuildFile; fileRef = 183927331E679C4B00BED84F /* AP_demo.png */; };
		183927361E679C4B00BED84F /* Route_demo.png in Resources */ = {isa = PBXBuildFile; fileRef = 183927341E679C4B00BED84F /* Route_demo.png */; };
		184A8E7C1E67F24B00CC066C /* EditMapTableViewController.m in Sources */ = {isa = PBXBuildFile; fileRef = 184A8E7B1E67F24B00CC066C /* EditMapTableViewController.m */; };
		184A8E801E67FD4500CC066C /* EditAPTableViewController.m in Sources */ = {isa = PBXBuildFile; fileRef = 184A8E7F1E67FD4500CC066C /* EditAPTableViewController.m */; };
		185121BF1E80F7B200C66422 /* KeyboardViewController.m in Sources */ = {isa = PBXBuildFile; fileRef = 185121BE1E80F7B200C66422 /* KeyboardViewController.m */; };
		185121C31E80F7B200C66422 /* WifiLocationKeyBoard.appex in Embed App Extensions */ = {isa = PBXBuildFile; fileRef = 185121BB1E80F7B200C66422 /* WifiLocationKeyBoard.appex */; settings = {ATTRIBUTES = (RemoveHeadersOnCopy, ); }; };
		185121CA1E80FD1700C66422 /* KeyboardView.xib in Resources */ = {isa = PBXBuildFile; fileRef = 185121C91E80FD1700C66422 /* KeyboardView.xib */; };
		185655D31E891721001FC791 /* LogViewController.m in Sources */ = {isa = PBXBuildFile; fileRef = 185655D21E891721001FC791 /* LogViewController.m */; };
		185655D61E8917ED001FC791 /* SettingsTableViewController.m in Sources */ = {isa = PBXBuildFile; fileRef = 185655D51E8917ED001FC791 /* SettingsTableViewController.m */; };
		185D06D81E6FDFEC003F8CA0 /* SQLiteHelper.m in Sources */ = {isa = PBXBuildFile; fileRef = 185D06D71E6FDFEC003F8CA0 /* SQLiteHelper.m */; };
		185D06DA1E6FE013003F8CA0 /* libsqlite3.tbd in Frameworks */ = {isa = PBXBuildFile; fileRef = 185D06D91E6FE013003F8CA0 /* libsqlite3.tbd */; };
		185D06DD1E6FFD09003F8CA0 /* MapModel.m in Sources */ = {isa = PBXBuildFile; fileRef = 185D06DC1E6FFD09003F8CA0 /* MapModel.m */; };
		185D06E01E701ED8003F8CA0 /* APModel.m in Sources */ = {isa = PBXBuildFile; fileRef = 185D06DF1E701ED8003F8CA0 /* APModel.m */; };
		185D06E31E701EE6003F8CA0 /* FPModel.m in Sources */ = {isa = PBXBuildFile; fileRef = 185D06E21E701EE6003F8CA0 /* FPModel.m */; };
		185D06E61E701EFD003F8CA0 /* SimuModel.m in Sources */ = {isa = PBXBuildFile; fileRef = 185D06E51E701EFD003F8CA0 /* SimuModel.m */; };
		185D06E81E704D66003F8CA0 /* wifilocation.sqlite in Resources */ = {isa = PBXBuildFile; fileRef = 185D06E71E704D66003F8CA0 /* wifilocation.sqlite */; };
		185D06EB1E70EBC3003F8CA0 /* SimuTableViewCell.m in Sources */ = {isa = PBXBuildFile; fileRef = 185D06EA1E70EBC3003F8CA0 /* SimuTableViewCell.m */; };
		185D06F21E7140AB003F8CA0 /* APDrawView.m in Sources */ = {isa = PBXBuildFile; fileRef = 185D06F11E7140AB003F8CA0 /* APDrawView.m */; };
		185D06F51E7185E2003F8CA0 /* SimuDrawView.m in Sources */ = {isa = PBXBuildFile; fileRef = 185D06F41E7185E2003F8CA0 /* SimuDrawView.m */; };
		185D06F81E721F78003F8CA0 /* StartViewController.m in Sources */ = {isa = PBXBuildFile; fileRef = 185D06F71E721F78003F8CA0 /* StartViewController.m */; };
		185D06FB1E721F89003F8CA0 /* CDFViewController.m in Sources */ = {isa = PBXBuildFile; fileRef = 185D06FA1E721F89003F8CA0 /* CDFViewController.m */; };
		185D06FF1E725627003F8CA0 /* StartDrawView.m in Sources */ = {isa = PBXBuildFile; fileRef = 185D06FE1E725627003F8CA0 /* StartDrawView.m */; };
		185D07021E7274F0003F8CA0 /* CDFDrawView.m in Sources */ = {isa = PBXBuildFile; fileRef = 185D07011E7274F0003F8CA0 /* CDFDrawView.m */; };
		185D07061E72E310003F8CA0 /* Example.png in Resources */ = {isa = PBXBuildFile; fileRef = 185D07051E72E310003F8CA0 /* Example.png */; };
		185D070F1E758E76003F8CA0 /* account_snslogin_icon_1@2x.png in Resources */ = {isa = PBXBuildFile; fileRef = 185D07081E758E76003F8CA0 /* account_snslogin_icon_1@2x.png */; };
		185D07101E758E76003F8CA0 /* account_snslogin_icon_3@2x.png in Resources */ = {isa = PBXBuildFile; fileRef = 185D07091E758E76003F8CA0 /* account_snslogin_icon_3@2x.png */; };
		185D07111E758E76003F8CA0 /* home_page_line_vertical@2x.png in Resources */ = {isa = PBXBuildFile; fileRef = 185D070A1E758E76003F8CA0 /* home_page_line_vertical@2x.png */; };
		185D07121E758E76003F8CA0 /* login_button@2x.png in Resources */ = {isa = PBXBuildFile; fileRef = 185D070B1E758E76003F8CA0 /* login_button@2x.png */; };
		185D07131E758E76003F8CA0 /* login_forgot_button@2x.png in Resources */ = {isa = PBXBuildFile; fileRef = 185D070C1E758E76003F8CA0 /* login_forgot_button@2x.png */; };
		185D07141E758E76003F8CA0 /* login_password_icon@2x.png in Resources */ = {isa = PBXBuildFile; fileRef = 185D070D1E758E76003F8CA0 /* login_password_icon@2x.png */; };
		185D07151E758E76003F8CA0 /* login_username_icon@2x.png in Resources */ = {isa = PBXBuildFile; fileRef = 185D070E1E758E76003F8CA0 /* login_username_icon@2x.png */; };
		185D07191E75905D003F8CA0 /* LoginViewController.m in Sources */ = {isa = PBXBuildFile; fileRef = 185D07181E75905D003F8CA0 /* LoginViewController.m */; };
		185D07201E767B85003F8CA0 /* NotificationCenter.framework in Frameworks */ = {isa = PBXBuildFile; fileRef = 185D071F1E767B85003F8CA0 /* NotificationCenter.framework */; };
		185D07241E767B85003F8CA0 /* TodayViewController.m in Sources */ = {isa = PBXBuildFile; fileRef = 185D07231E767B85003F8CA0 /* TodayViewController.m */; };
		185D07271E767B85003F8CA0 /* MainInterface.storyboard in Resources */ = {isa = PBXBuildFile; fileRef = 185D07251E767B85003F8CA0 /* MainInterface.storyboard */; };
		185D072B1E767B85003F8CA0 /* WifiLocationToday.appex in Embed App Extensions */ = {isa = PBXBuildFile; fileRef = 185D071E1E767B85003F8CA0 /* WifiLocationToday.appex */; settings = {ATTRIBUTES = (RemoveHeadersOnCopy, ); }; };
		18D5661E1E9A484A00EE7AA5 /* Images.xcassets in Resources */ = {isa = PBXBuildFile; fileRef = 18D5661D1E9A484A00EE7AA5 /* Images.xcassets */; };
		18D566201E9A538700EE7AA5 /* cd_demo.jpg in Resources */ = {isa = PBXBuildFile; fileRef = 18D5661F1E9A538700EE7AA5 /* cd_demo.jpg */; };
		18E668541E6812CC005DA56E /* fp_info.plist in Resources */ = {isa = PBXBuildFile; fileRef = 18E668531E6812CC005DA56E /* fp_info.plist */; };
		18E668571E681429005DA56E /* FPTableViewCell.m in Sources */ = {isa = PBXBuildFile; fileRef = 18E668561E681429005DA56E /* FPTableViewCell.m */; };
		18E6685E1E695D16005DA56E /* ChangePasswordTableViewController.m in Sources */ = {isa = PBXBuildFile; fileRef = 18E6685D1E695D16005DA56E /* ChangePasswordTableViewController.m */; };
		93B8320B94D4BD4C670C1540 /* libPods-WifiLocation.a in Frameworks */ = {isa = PBXBuildFile; fileRef = 30B613ED484120FA3468FDC0 /* libPods-WifiLocation.a */; };
/* End PBXBuildFile section */

/* Begin PBXContainerItemProxy section */
		185121C11E80F7B200C66422 /* PBXContainerItemProxy */ = {
			isa = PBXContainerItemProxy;
			containerPortal = 183926BF1E65C3CE00BED84F /* Project object */;
			proxyType = 1;
			remoteGlobalIDString = 185121BA1E80F7B200C66422;
			remoteInfo = WifiLocationKeyBoard;
		};
		185D07291E767B85003F8CA0 /* PBXContainerItemProxy */ = {
			isa = PBXContainerItemProxy;
			containerPortal = 183926BF1E65C3CE00BED84F /* Project object */;
			proxyType = 1;
			remoteGlobalIDString = 185D071D1E767B85003F8CA0;
			remoteInfo = WifiLocationToday;
		};
/* End PBXContainerItemProxy section */

/* Begin PBXCopyFilesBuildPhase section */
		185D072F1E767B85003F8CA0 /* Embed App Extensions */ = {
			isa = PBXCopyFilesBuildPhase;
			buildActionMask = 2147483647;
			dstPath = "";
			dstSubfolderSpec = 13;
			files = (
				185D072B1E767B85003F8CA0 /* WifiLocationToday.appex in Embed App Extensions */,
				185121C31E80F7B200C66422 /* WifiLocationKeyBoard.appex in Embed App Extensions */,
			);
			name = "Embed App Extensions";
			runOnlyForDeploymentPostprocessing = 0;
		};
/* End PBXCopyFilesBuildPhase section */

/* Begin PBXFileReference section */
		181CE8E71E77C8FD0092EBF5 /* ManageTableViewController.h */ = {isa = PBXFileReference; fileEncoding = 4; lastKnownFileType = sourcecode.c.h; path = ManageTableViewController.h; sourceTree = "<group>"; };
		181CE8E81E77C8FD0092EBF5 /* ManageTableViewController.m */ = {isa = PBXFileReference; fileEncoding = 4; lastKnownFileType = sourcecode.c.objc; path = ManageTableViewController.m; sourceTree = "<group>"; };
		183926C71E65C3CE00BED84F /* WifiLocation.app */ = {isa = PBXFileReference; explicitFileType = wrapper.application; includeInIndex = 0; path = WifiLocation.app; sourceTree = BUILT_PRODUCTS_DIR; };
		183926CB1E65C3CE00BED84F /* main.m */ = {isa = PBXFileReference; lastKnownFileType = sourcecode.c.objc; path = main.m; sourceTree = "<group>"; };
		183926CD1E65C3CE00BED84F /* AppDelegate.h */ = {isa = PBXFileReference; lastKnownFileType = sourcecode.c.h; path = AppDelegate.h; sourceTree = "<group>"; };
		183926CE1E65C3CE00BED84F /* AppDelegate.m */ = {isa = PBXFileReference; lastKnownFileType = sourcecode.c.objc; path = AppDelegate.m; sourceTree = "<group>"; };
		183926D41E65C3CE00BED84F /* Base */ = {isa = PBXFileReference; lastKnownFileType = file.storyboard; name = Base; path = Base.lproj/Main.storyboard; sourceTree = "<group>"; };
		183926D61E65C3CE00BED84F /* Assets.xcassets */ = {isa = PBXFileReference; lastKnownFileType = folder.assetcatalog; name = Assets.xcassets; path = ../../Assets.xcassets; sourceTree = "<group>"; };
		183926D91E65C3CE00BED84F /* Base */ = {isa = PBXFileReference; lastKnownFileType = file.storyboard; name = Base; path = Base.lproj/LaunchScreen.storyboard; sourceTree = "<group>"; };
		183926DB1E65C3CE00BED84F /* Info.plist */ = {isa = PBXFileReference; lastKnownFileType = text.plist.xml; path = Info.plist; sourceTree = "<group>"; };
		183926E81E664D5100BED84F /* MineTableViewController.h */ = {isa = PBXFileReference; fileEncoding = 4; lastKnownFileType = sourcecode.c.h; path = MineTableViewController.h; sourceTree = "<group>"; };
		183926E91E664D5100BED84F /* MineTableViewController.m */ = {isa = PBXFileReference; fileEncoding = 4; lastKnownFileType = sourcecode.c.objc; path = MineTableViewController.m; sourceTree = "<group>"; };
		183926EE1E664DA100BED84F /* AboutViewController.h */ = {isa = PBXFileReference; fileEncoding = 4; lastKnownFileType = sourcecode.c.h; path = AboutViewController.h; sourceTree = "<group>"; };
		183926EF1E664DA100BED84F /* AboutViewController.m */ = {isa = PBXFileReference; fileEncoding = 4; lastKnownFileType = sourcecode.c.objc; path = AboutViewController.m; sourceTree = "<group>"; };
		183926F11E664E0E00BED84F /* HelpViewController.h */ = {isa = PBXFileReference; fileEncoding = 4; lastKnownFileType = sourcecode.c.h; path = HelpViewController.h; sourceTree = "<group>"; };
		183926F21E664E0E00BED84F /* HelpViewController.m */ = {isa = PBXFileReference; fileEncoding = 4; lastKnownFileType = sourcecode.c.objc; path = HelpViewController.m; sourceTree = "<group>"; };
		183926F41E664E2900BED84F /* MyInfoTableViewController.h */ = {isa = PBXFileReference; fileEncoding = 4; lastKnownFileType = sourcecode.c.h; path = MyInfoTableViewController.h; sourceTree = "<group>"; };
		183926F51E664E2900BED84F /* MyInfoTableViewController.m */ = {isa = PBXFileReference; fileEncoding = 4; lastKnownFileType = sourcecode.c.objc; path = MyInfoTableViewController.m; sourceTree = "<group>"; };
		183926F71E6652D300BED84F /* MainTabBarController.h */ = {isa = PBXFileReference; fileEncoding = 4; lastKnownFileType = sourcecode.c.h; path = MainTabBarController.h; sourceTree = "<group>"; };
		183926F81E6652D300BED84F /* MainTabBarController.m */ = {isa = PBXFileReference; fileEncoding = 4; lastKnownFileType = sourcecode.c.objc; path = MainTabBarController.m; sourceTree = "<group>"; };
		183926FA1E66588B00BED84F /* MapsTableViewController.h */ = {isa = PBXFileReference; fileEncoding = 4; lastKnownFileType = sourcecode.c.h; path = MapsTableViewController.h; sourceTree = "<group>"; };
		183926FB1E66588B00BED84F /* MapsTableViewController.m */ = {isa = PBXFileReference; fileEncoding = 4; lastKnownFileType = sourcecode.c.objc; path = MapsTableViewController.m; sourceTree = "<group>"; };
		183926FD1E66628600BED84F /* BaseNavigationController.h */ = {isa = PBXFileReference; fileEncoding = 4; lastKnownFileType = sourcecode.c.h; path = BaseNavigationController.h; sourceTree = "<group>"; };
		183926FE1E66628600BED84F /* BaseNavigationController.m */ = {isa = PBXFileReference; fileEncoding = 4; lastKnownFileType = sourcecode.c.objc; path = BaseNavigationController.m; sourceTree = "<group>"; };
		183927011E66657100BED84F /* ConfigTableViewController.h */ = {isa = PBXFileReference; fileEncoding = 4; lastKnownFileType = sourcecode.c.h; path = ConfigTableViewController.h; sourceTree = "<group>"; };
		183927021E66657100BED84F /* ConfigTableViewController.m */ = {isa = PBXFileReference; fileEncoding = 4; lastKnownFileType = sourcecode.c.objc; path = ConfigTableViewController.m; sourceTree = "<group>"; };
		183927051E66658500BED84F /* AddTableViewController.h */ = {isa = PBXFileReference; fileEncoding = 4; lastKnownFileType = sourcecode.c.h; path = AddTableViewController.h; sourceTree = "<group>"; };
		183927061E66658500BED84F /* AddTableViewController.m */ = {isa = PBXFileReference; fileEncoding = 4; lastKnownFileType = sourcecode.c.objc; path = AddTableViewController.m; sourceTree = "<group>"; };
		183927081E666C5300BED84F /* APViewController.h */ = {isa = PBXFileReference; fileEncoding = 4; lastKnownFileType = sourcecode.c.h; path = APViewController.h; sourceTree = "<group>"; };
		183927091E666C5300BED84F /* APViewController.m */ = {isa = PBXFileReference; fileEncoding = 4; lastKnownFileType = sourcecode.c.objc; path = APViewController.m; sourceTree = "<group>"; };
		1839270C1E666C7400BED84F /* FPViewController.h */ = {isa = PBXFileReference; fileEncoding = 4; lastKnownFileType = sourcecode.c.h; path = FPViewController.h; sourceTree = "<group>"; };
		1839270D1E666C7400BED84F /* FPViewController.m */ = {isa = PBXFileReference; fileEncoding = 4; lastKnownFileType = sourcecode.c.objc; path = FPViewController.m; sourceTree = "<group>"; };
		1839270F1E666C9000BED84F /* RouteViewController.h */ = {isa = PBXFileReference; fileEncoding = 4; lastKnownFileType = sourcecode.c.h; path = RouteViewController.h; sourceTree = "<group>"; };
		183927101E666C9000BED84F /* RouteViewController.m */ = {isa = PBXFileReference; fileEncoding = 4; lastKnownFileType = sourcecode.c.objc; path = RouteViewController.m; sourceTree = "<group>"; };
		183927141E667D6400BED84F /* Desktop.jpg */ = {isa = PBXFileReference; lastKnownFileType = image.jpeg; path = Desktop.jpg; sourceTree = "<group>"; };
		183927171E66801200BED84F /* AddAPTableViewController.h */ = {isa = PBXFileReference; fileEncoding = 4; lastKnownFileType = sourcecode.c.h; path = AddAPTableViewController.h; sourceTree = "<group>"; };
		183927181E66801200BED84F /* AddAPTableViewController.m */ = {isa = PBXFileReference; fileEncoding = 4; lastKnownFileType = sourcecode.c.objc; path = AddAPTableViewController.m; sourceTree = "<group>"; };
		1839271B1E668A2200BED84F /* tabbar_mapHL@2x.png */ = {isa = PBXFileReference; lastKnownFileType = image.png; path = "tabbar_mapHL@2x.png"; sourceTree = "<group>"; };
		1839271D1E668A7B00BED84F /* tabbar_meHL@2x.png */ = {isa = PBXFileReference; lastKnownFileType = image.png; path = "tabbar_meHL@2x.png"; sourceTree = "<group>"; };
		1839271E1E668A7B00BED84F /* tabbar_settingHL@2x.png */ = {isa = PBXFileReference; lastKnownFileType = image.png; path = "tabbar_settingHL@2x.png"; sourceTree = "<group>"; };
		183927221E66AE3500BED84F /* map_info.plist */ = {isa = PBXFileReference; fileEncoding = 4; lastKnownFileType = text.plist.xml; path = map_info.plist; sourceTree = "<group>"; };
		183927241E66B30000BED84F /* MapTableViewCell.h */ = {isa = PBXFileReference; fileEncoding = 4; lastKnownFileType = sourcecode.c.h; path = MapTableViewCell.h; sourceTree = "<group>"; };
		183927251E66B30000BED84F /* MapTableViewCell.m */ = {isa = PBXFileReference; fileEncoding = 4; lastKnownFileType = sourcecode.c.objc; path = MapTableViewCell.m; sourceTree = "<group>"; };
		183927271E66F9EC00BED84F /* iTunesArtwork.png */ = {isa = PBXFileReference; lastKnownFileType = image.png; path = iTunesArtwork.png; sourceTree = "<group>"; };
		1839272A1E670BC300BED84F /* ChangeNameTableViewController.h */ = {isa = PBXFileReference; fileEncoding = 4; lastKnownFileType = sourcecode.c.h; path = ChangeNameTableViewController.h; sourceTree = "<group>"; };
		1839272B1E670BC300BED84F /* ChangeNameTableViewController.m */ = {isa = PBXFileReference; fileEncoding = 4; lastKnownFileType = sourcecode.c.objc; path = ChangeNameTableViewController.m; sourceTree = "<group>"; };
		1839272E1E670F7A00BED84F /* APTableViewCell.h */ = {isa = PBXFileReference; fileEncoding = 4; lastKnownFileType = sourcecode.c.h; path = APTableViewCell.h; sourceTree = "<group>"; };
		1839272F1E670F7A00BED84F /* APTableViewCell.m */ = {isa = PBXFileReference; fileEncoding = 4; lastKnownFileType = sourcecode.c.objc; path = APTableViewCell.m; sourceTree = "<group>"; };
		183927311E67142E00BED84F /* ap_info.plist */ = {isa = PBXFileReference; fileEncoding = 4; lastKnownFileType = text.plist.xml; path = ap_info.plist; sourceTree = "<group>"; };
		183927331E679C4B00BED84F /* AP_demo.png */ = {isa = PBXFileReference; lastKnownFileType = image.png; path = AP_demo.png; sourceTree = "<group>"; };
		183927341E679C4B00BED84F /* Route_demo.png */ = {isa = PBXFileReference; lastKnownFileType = image.png; path = Route_demo.png; sourceTree = "<group>"; };
		184A8E7A1E67F24B00CC066C /* EditMapTableViewController.h */ = {isa = PBXFileReference; fileEncoding = 4; lastKnownFileType = sourcecode.c.h; path = EditMapTableViewController.h; sourceTree = "<group>"; };
		184A8E7B1E67F24B00CC066C /* EditMapTableViewController.m */ = {isa = PBXFileReference; fileEncoding = 4; lastKnownFileType = sourcecode.c.objc; path = EditMapTableViewController.m; sourceTree = "<group>"; };
		184A8E7E1E67FD4500CC066C /* EditAPTableViewController.h */ = {isa = PBXFileReference; fileEncoding = 4; lastKnownFileType = sourcecode.c.h; path = EditAPTableViewController.h; sourceTree = "<group>"; };
		184A8E7F1E67FD4500CC066C /* EditAPTableViewController.m */ = {isa = PBXFileReference; fileEncoding = 4; lastKnownFileType = sourcecode.c.objc; path = EditAPTableViewController.m; sourceTree = "<group>"; };
		185121981E7FD98200C66422 /* Messages.framework */ = {isa = PBXFileReference; lastKnownFileType = wrapper.framework; name = Messages.framework; path = System/Library/Frameworks/Messages.framework; sourceTree = SDKROOT; };
		185121BB1E80F7B200C66422 /* WifiLocationKeyBoard.appex */ = {isa = PBXFileReference; explicitFileType = "wrapper.app-extension"; includeInIndex = 0; path = WifiLocationKeyBoard.appex; sourceTree = BUILT_PRODUCTS_DIR; };
		185121BD1E80F7B200C66422 /* KeyboardViewController.h */ = {isa = PBXFileReference; lastKnownFileType = sourcecode.c.h; path = KeyboardViewController.h; sourceTree = "<group>"; };
		185121BE1E80F7B200C66422 /* KeyboardViewController.m */ = {isa = PBXFileReference; lastKnownFileType = sourcecode.c.objc; path = KeyboardViewController.m; sourceTree = "<group>"; };
		185121C01E80F7B200C66422 /* Info.plist */ = {isa = PBXFileReference; lastKnownFileType = text.plist.xml; path = Info.plist; sourceTree = "<group>"; };
		185121C91E80FD1700C66422 /* KeyboardView.xib */ = {isa = PBXFileReference; fileEncoding = 4; lastKnownFileType = file.xib; path = KeyboardView.xib; sourceTree = "<group>"; };
		185655D11E891721001FC791 /* LogViewController.h */ = {isa = PBXFileReference; fileEncoding = 4; lastKnownFileType = sourcecode.c.h; path = LogViewController.h; sourceTree = "<group>"; };
		185655D21E891721001FC791 /* LogViewController.m */ = {isa = PBXFileReference; fileEncoding = 4; lastKnownFileType = sourcecode.c.objc; path = LogViewController.m; sourceTree = "<group>"; };
		185655D41E8917ED001FC791 /* SettingsTableViewController.h */ = {isa = PBXFileReference; fileEncoding = 4; lastKnownFileType = sourcecode.c.h; path = SettingsTableViewController.h; sourceTree = "<group>"; };
		185655D51E8917ED001FC791 /* SettingsTableViewController.m */ = {isa = PBXFileReference; fileEncoding = 4; lastKnownFileType = sourcecode.c.objc; path = SettingsTableViewController.m; sourceTree = "<group>"; };
		185D06D61E6FDFEC003F8CA0 /* SQLiteHelper.h */ = {isa = PBXFileReference; fileEncoding = 4; lastKnownFileType = sourcecode.c.h; path = SQLiteHelper.h; sourceTree = "<group>"; };
		185D06D71E6FDFEC003F8CA0 /* SQLiteHelper.m */ = {isa = PBXFileReference; fileEncoding = 4; lastKnownFileType = sourcecode.c.objc; path = SQLiteHelper.m; sourceTree = "<group>"; };
		185D06D91E6FE013003F8CA0 /* libsqlite3.tbd */ = {isa = PBXFileReference; lastKnownFileType = "sourcecode.text-based-dylib-definition"; name = libsqlite3.tbd; path = usr/lib/libsqlite3.tbd; sourceTree = SDKROOT; };
		185D06DB1E6FFD09003F8CA0 /* MapModel.h */ = {isa = PBXFileReference; fileEncoding = 4; lastKnownFileType = sourcecode.c.h; path = MapModel.h; sourceTree = "<group>"; };
		185D06DC1E6FFD09003F8CA0 /* MapModel.m */ = {isa = PBXFileReference; fileEncoding = 4; lastKnownFileType = sourcecode.c.objc; path = MapModel.m; sourceTree = "<group>"; };
		185D06DE1E701ED8003F8CA0 /* APModel.h */ = {isa = PBXFileReference; fileEncoding = 4; lastKnownFileType = sourcecode.c.h; path = APModel.h; sourceTree = "<group>"; };
		185D06DF1E701ED8003F8CA0 /* APModel.m */ = {isa = PBXFileReference; fileEncoding = 4; lastKnownFileType = sourcecode.c.objc; path = APModel.m; sourceTree = "<group>"; };
		185D06E11E701EE6003F8CA0 /* FPModel.h */ = {isa = PBXFileReference; fileEncoding = 4; lastKnownFileType = sourcecode.c.h; path = FPModel.h; sourceTree = "<group>"; };
		185D06E21E701EE6003F8CA0 /* FPModel.m */ = {isa = PBXFileReference; fileEncoding = 4; lastKnownFileType = sourcecode.c.objc; path = FPModel.m; sourceTree = "<group>"; };
		185D06E41E701EFD003F8CA0 /* SimuModel.h */ = {isa = PBXFileReference; fileEncoding = 4; lastKnownFileType = sourcecode.c.h; path = SimuModel.h; sourceTree = "<group>"; };
		185D06E51E701EFD003F8CA0 /* SimuModel.m */ = {isa = PBXFileReference; fileEncoding = 4; lastKnownFileType = sourcecode.c.objc; path = SimuModel.m; sourceTree = "<group>"; };
		185D06E71E704D66003F8CA0 /* wifilocation.sqlite */ = {isa = PBXFileReference; lastKnownFileType = file; path = wifilocation.sqlite; sourceTree = "<group>"; };
		185D06E91E70EBC3003F8CA0 /* SimuTableViewCell.h */ = {isa = PBXFileReference; fileEncoding = 4; lastKnownFileType = sourcecode.c.h; path = SimuTableViewCell.h; sourceTree = "<group>"; };
		185D06EA1E70EBC3003F8CA0 /* SimuTableViewCell.m */ = {isa = PBXFileReference; fileEncoding = 4; lastKnownFileType = sourcecode.c.objc; path = SimuTableViewCell.m; sourceTree = "<group>"; };
		185D06F01E7140AB003F8CA0 /* APDrawView.h */ = {isa = PBXFileReference; fileEncoding = 4; lastKnownFileType = sourcecode.c.h; path = APDrawView.h; sourceTree = "<group>"; };
		185D06F11E7140AB003F8CA0 /* APDrawView.m */ = {isa = PBXFileReference; fileEncoding = 4; lastKnownFileType = sourcecode.c.objc; path = APDrawView.m; sourceTree = "<group>"; };
		185D06F31E7185E2003F8CA0 /* SimuDrawView.h */ = {isa = PBXFileReference; fileEncoding = 4; lastKnownFileType = sourcecode.c.h; path = SimuDrawView.h; sourceTree = "<group>"; };
		185D06F41E7185E2003F8CA0 /* SimuDrawView.m */ = {isa = PBXFileReference; fileEncoding = 4; lastKnownFileType = sourcecode.c.objc; path = SimuDrawView.m; sourceTree = "<group>"; };
		185D06F61E721F78003F8CA0 /* StartViewController.h */ = {isa = PBXFileReference; fileEncoding = 4; lastKnownFileType = sourcecode.c.h; path = StartViewController.h; sourceTree = "<group>"; };
		185D06F71E721F78003F8CA0 /* StartViewController.m */ = {isa = PBXFileReference; fileEncoding = 4; lastKnownFileType = sourcecode.c.objc; path = StartViewController.m; sourceTree = "<group>"; };
		185D06F91E721F89003F8CA0 /* CDFViewController.h */ = {isa = PBXFileReference; fileEncoding = 4; lastKnownFileType = sourcecode.c.h; path = CDFViewController.h; sourceTree = "<group>"; };
		185D06FA1E721F89003F8CA0 /* CDFViewController.m */ = {isa = PBXFileReference; fileEncoding = 4; lastKnownFileType = sourcecode.c.objc; path = CDFViewController.m; sourceTree = "<group>"; };
		185D06FD1E725627003F8CA0 /* StartDrawView.h */ = {isa = PBXFileReference; fileEncoding = 4; lastKnownFileType = sourcecode.c.h; path = StartDrawView.h; sourceTree = "<group>"; };
		185D06FE1E725627003F8CA0 /* StartDrawView.m */ = {isa = PBXFileReference; fileEncoding = 4; lastKnownFileType = sourcecode.c.objc; path = StartDrawView.m; sourceTree = "<group>"; };
		185D07001E7274F0003F8CA0 /* CDFDrawView.h */ = {isa = PBXFileReference; fileEncoding = 4; lastKnownFileType = sourcecode.c.h; path = CDFDrawView.h; sourceTree = "<group>"; };
		185D07011E7274F0003F8CA0 /* CDFDrawView.m */ = {isa = PBXFileReference; fileEncoding = 4; lastKnownFileType = sourcecode.c.objc; path = CDFDrawView.m; sourceTree = "<group>"; };
		185D07051E72E310003F8CA0 /* Example.png */ = {isa = PBXFileReference; lastKnownFileType = image.png; path = Example.png; sourceTree = "<group>"; };
		185D07081E758E76003F8CA0 /* account_snslogin_icon_1@2x.png */ = {isa = PBXFileReference; lastKnownFileType = image.png; path = "account_snslogin_icon_1@2x.png"; sourceTree = "<group>"; };
		185D07091E758E76003F8CA0 /* account_snslogin_icon_3@2x.png */ = {isa = PBXFileReference; lastKnownFileType = image.png; path = "account_snslogin_icon_3@2x.png"; sourceTree = "<group>"; };
		185D070A1E758E76003F8CA0 /* home_page_line_vertical@2x.png */ = {isa = PBXFileReference; lastKnownFileType = image.png; path = "home_page_line_vertical@2x.png"; sourceTree = "<group>"; };
		185D070B1E758E76003F8CA0 /* login_button@2x.png */ = {isa = PBXFileReference; lastKnownFileType = image.png; path = "login_button@2x.png"; sourceTree = "<group>"; };
		185D070C1E758E76003F8CA0 /* login_forgot_button@2x.png */ = {isa = PBXFileReference; lastKnownFileType = image.png; path = "login_forgot_button@2x.png"; sourceTree = "<group>"; };
		185D070D1E758E76003F8CA0 /* login_password_icon@2x.png */ = {isa = PBXFileReference; lastKnownFileType = image.png; path = "login_password_icon@2x.png"; sourceTree = "<group>"; };
		185D070E1E758E76003F8CA0 /* login_username_icon@2x.png */ = {isa = PBXFileReference; lastKnownFileType = image.png; path = "login_username_icon@2x.png"; sourceTree = "<group>"; };
		185D07171E75905D003F8CA0 /* LoginViewController.h */ = {isa = PBXFileReference; fileEncoding = 4; lastKnownFileType = sourcecode.c.h; path = LoginViewController.h; sourceTree = "<group>"; };
		185D07181E75905D003F8CA0 /* LoginViewController.m */ = {isa = PBXFileReference; fileEncoding = 4; lastKnownFileType = sourcecode.c.objc; path = LoginViewController.m; sourceTree = "<group>"; };
		185D071E1E767B85003F8CA0 /* WifiLocationToday.appex */ = {isa = PBXFileReference; explicitFileType = "wrapper.app-extension"; includeInIndex = 0; path = WifiLocationToday.appex; sourceTree = BUILT_PRODUCTS_DIR; };
		185D071F1E767B85003F8CA0 /* NotificationCenter.framework */ = {isa = PBXFileReference; lastKnownFileType = wrapper.framework; name = NotificationCenter.framework; path = System/Library/Frameworks/NotificationCenter.framework; sourceTree = SDKROOT; };
		185D07221E767B85003F8CA0 /* TodayViewController.h */ = {isa = PBXFileReference; lastKnownFileType = sourcecode.c.h; path = TodayViewController.h; sourceTree = "<group>"; };
		185D07231E767B85003F8CA0 /* TodayViewController.m */ = {isa = PBXFileReference; lastKnownFileType = sourcecode.c.objc; path = TodayViewController.m; sourceTree = "<group>"; };
		185D07261E767B85003F8CA0 /* Base */ = {isa = PBXFileReference; lastKnownFileType = file.storyboard; name = Base; path = Base.lproj/MainInterface.storyboard; sourceTree = "<group>"; };
		185D07281E767B85003F8CA0 /* Info.plist */ = {isa = PBXFileReference; lastKnownFileType = text.plist.xml; path = Info.plist; sourceTree = "<group>"; };
		18D5661D1E9A484A00EE7AA5 /* Images.xcassets */ = {isa = PBXFileReference; lastKnownFileType = folder.assetcatalog; path = Images.xcassets; sourceTree = "<group>"; };
		18D5661F1E9A538700EE7AA5 /* cd_demo.jpg */ = {isa = PBXFileReference; lastKnownFileType = image.jpeg; path = cd_demo.jpg; sourceTree = "<group>"; };
		18E668531E6812CC005DA56E /* fp_info.plist */ = {isa = PBXFileReference; fileEncoding = 4; lastKnownFileType = text.plist.xml; path = fp_info.plist; sourceTree = "<group>"; };
		18E668551E681429005DA56E /* FPTableViewCell.h */ = {isa = PBXFileReference; fileEncoding = 4; lastKnownFileType = sourcecode.c.h; path = FPTableViewCell.h; sourceTree = "<group>"; };
		18E668561E681429005DA56E /* FPTableViewCell.m */ = {isa = PBXFileReference; fileEncoding = 4; lastKnownFileType = sourcecode.c.objc; path = FPTableViewCell.m; sourceTree = "<group>"; };
		18E668581E684FEF005DA56E /* readme.md */ = {isa = PBXFileReference; lastKnownFileType = net.daringfireball.markdown; path = readme.md; sourceTree = "<group>"; };
		18E668591E68F415005DA56E /* Define.h */ = {isa = PBXFileReference; lastKnownFileType = sourcecode.c.h; path = Define.h; sourceTree = "<group>"; };
		18E6685A1E68F518005DA56E /* PrefixHeader.pch */ = {isa = PBXFileReference; lastKnownFileType = sourcecode.c.h; path = PrefixHeader.pch; sourceTree = "<group>"; };
		18E6685C1E695D16005DA56E /* ChangePasswordTableViewController.h */ = {isa = PBXFileReference; fileEncoding = 4; lastKnownFileType = sourcecode.c.h; path = ChangePasswordTableViewController.h; sourceTree = "<group>"; };
		18E6685D1E695D16005DA56E /* ChangePasswordTableViewController.m */ = {isa = PBXFileReference; fileEncoding = 4; lastKnownFileType = sourcecode.c.objc; path = ChangePasswordTableViewController.m; sourceTree = "<group>"; };
		30B613ED484120FA3468FDC0 /* libPods-WifiLocation.a */ = {isa = PBXFileReference; explicitFileType = archive.ar; includeInIndex = 0; path = "libPods-WifiLocation.a"; sourceTree = BUILT_PRODUCTS_DIR; };
		4CC78A8E5A7DD8F7C0EC4CE1 /* Pods-WifiLocation.debug.xcconfig */ = {isa = PBXFileReference; includeInIndex = 1; lastKnownFileType = text.xcconfig; name = "Pods-WifiLocation.debug.xcconfig"; path = "Pods/Target Support Files/Pods-WifiLocation/Pods-WifiLocation.debug.xcconfig"; sourceTree = "<group>"; };
		8FCC9F60072EEB08B72250E6 /* Pods-WifiLocation.release.xcconfig */ = {isa = PBXFileReference; includeInIndex = 1; lastKnownFileType = text.xcconfig; name = "Pods-WifiLocation.release.xcconfig"; path = "Pods/Target Support Files/Pods-WifiLocation/Pods-WifiLocation.release.xcconfig"; sourceTree = "<group>"; };
/* End PBXFileReference section */

/* Begin PBXFrameworksBuildPhase section */
		183926C41E65C3CE00BED84F /* Frameworks */ = {
			isa = PBXFrameworksBuildPhase;
			buildActionMask = 2147483647;
			files = (
				185D06DA1E6FE013003F8CA0 /* libsqlite3.tbd in Frameworks */,
				93B8320B94D4BD4C670C1540 /* libPods-WifiLocation.a in Frameworks */,
			);
			runOnlyForDeploymentPostprocessing = 0;
		};
		185121B81E80F7B200C66422 /* Frameworks */ = {
			isa = PBXFrameworksBuildPhase;
			buildActionMask = 2147483647;
			files = (
			);
			runOnlyForDeploymentPostprocessing = 0;
		};
		185D071B1E767B85003F8CA0 /* Frameworks */ = {
			isa = PBXFrameworksBuildPhase;
			buildActionMask = 2147483647;
			files = (
				185D07201E767B85003F8CA0 /* NotificationCenter.framework in Frameworks */,
			);
			runOnlyForDeploymentPostprocessing = 0;
		};
/* End PBXFrameworksBuildPhase section */

/* Begin PBXGroup section */
		181CE8E61E77C8A10092EBF5 /* Manage */ = {
			isa = PBXGroup;
			children = (
				181CE8E71E77C8FD0092EBF5 /* ManageTableViewController.h */,
				181CE8E81E77C8FD0092EBF5 /* ManageTableViewController.m */,
				185655D11E891721001FC791 /* LogViewController.h */,
				185655D21E891721001FC791 /* LogViewController.m */,
				185655D41E8917ED001FC791 /* SettingsTableViewController.h */,
				185655D51E8917ED001FC791 /* SettingsTableViewController.m */,
			);
			path = Manage;
			sourceTree = "<group>";
		};
		183926BE1E65C3CE00BED84F = {
			isa = PBXGroup;
			children = (
				183926C91E65C3CE00BED84F /* WifiLocation */,
				185D07211E767B85003F8CA0 /* WifiLocationToday */,
				185121BC1E80F7B200C66422 /* WifiLocationKeyBoard */,
				183926C81E65C3CE00BED84F /* Products */,
				958CCE5A698AE20A1CCC6718 /* Pods */,
				84551FB2E353502FA96C03FB /* Frameworks */,
			);
			sourceTree = "<group>";
		};
		183926C81E65C3CE00BED84F /* Products */ = {
			isa = PBXGroup;
			children = (
				183926C71E65C3CE00BED84F /* WifiLocation.app */,
				185D071E1E767B85003F8CA0 /* WifiLocationToday.appex */,
				185121BB1E80F7B200C66422 /* WifiLocationKeyBoard.appex */,
			);
			name = Products;
			sourceTree = "<group>";
		};
		183926C91E65C3CE00BED84F /* WifiLocation */ = {
			isa = PBXGroup;
			children = (
				18E668581E684FEF005DA56E /* readme.md */,
				183926CD1E65C3CE00BED84F /* AppDelegate.h */,
				183926CE1E65C3CE00BED84F /* AppDelegate.m */,
				183926D31E65C3CE00BED84F /* Main.storyboard */,
				183926D81E65C3CE00BED84F /* LaunchScreen.storyboard */,
				183926E11E65CCCC00BED84F /* Controller */,
				183926E21E65CCD800BED84F /* Model */,
				185D06D51E6FDF20003F8CA0 /* Utilities */,
				183927121E667CEB00BED84F /* Resources */,
				183926CA1E65C3CE00BED84F /* Supporting Files */,
			);
			path = WifiLocation;
			sourceTree = "<group>";
		};
		183926CA1E65C3CE00BED84F /* Supporting Files */ = {
			isa = PBXGroup;
			children = (
				183926DB1E65C3CE00BED84F /* Info.plist */,
				183926CB1E65C3CE00BED84F /* main.m */,
				18E668591E68F415005DA56E /* Define.h */,
				18E6685A1E68F518005DA56E /* PrefixHeader.pch */,
			);
			name = "Supporting Files";
			sourceTree = "<group>";
		};
		183926E11E65CCCC00BED84F /* Controller */ = {
			isa = PBXGroup;
			children = (
				183926F71E6652D300BED84F /* MainTabBarController.h */,
				183926F81E6652D300BED84F /* MainTabBarController.m */,
				183926FD1E66628600BED84F /* BaseNavigationController.h */,
				183926FE1E66628600BED84F /* BaseNavigationController.m */,
				183926E61E664D0400BED84F /* Simulatior */,
				181CE8E61E77C8A10092EBF5 /* Manage */,
				183926E71E664D1B00BED84F /* Mine */,
				185D07161E75903A003F8CA0 /* Others */,
			);
			path = Controller;
			sourceTree = "<group>";
		};
		183926E21E65CCD800BED84F /* Model */ = {
			isa = PBXGroup;
			children = (
				185D06DB1E6FFD09003F8CA0 /* MapModel.h */,
				185D06DC1E6FFD09003F8CA0 /* MapModel.m */,
				185D06DE1E701ED8003F8CA0 /* APModel.h */,
				185D06DF1E701ED8003F8CA0 /* APModel.m */,
				185D06E11E701EE6003F8CA0 /* FPModel.h */,
				185D06E21E701EE6003F8CA0 /* FPModel.m */,
				185D06E41E701EFD003F8CA0 /* SimuModel.h */,
				185D06E51E701EFD003F8CA0 /* SimuModel.m */,
			);
			path = Model;
			sourceTree = "<group>";
		};
		183926E61E664D0400BED84F /* Simulatior */ = {
			isa = PBXGroup;
			children = (
				183926FA1E66588B00BED84F /* MapsTableViewController.h */,
				183926FB1E66588B00BED84F /* MapsTableViewController.m */,
				183927241E66B30000BED84F /* MapTableViewCell.h */,
				183927251E66B30000BED84F /* MapTableViewCell.m */,
				183927041E66657600BED84F /* Add */,
				184A8E791E67F21400CC066C /* Edit */,
				183927001E66636900BED84F /* Config */,
			);
			name = Simulatior;
			path = Simulator;
			sourceTree = "<group>";
		};
		183926E71E664D1B00BED84F /* Mine */ = {
			isa = PBXGroup;
			children = (
				183926E81E664D5100BED84F /* MineTableViewController.h */,
				183926E91E664D5100BED84F /* MineTableViewController.m */,
				183926ED1E664D7400BED84F /* MyInfo */,
				183926EC1E664D6200BED84F /* Help */,
				183926EB1E664D5800BED84F /* About */,
			);
			path = Mine;
			sourceTree = "<group>";
		};
		183926EB1E664D5800BED84F /* About */ = {
			isa = PBXGroup;
			children = (
				183926EE1E664DA100BED84F /* AboutViewController.h */,
				183926EF1E664DA100BED84F /* AboutViewController.m */,
			);
			path = About;
			sourceTree = "<group>";
		};
		183926EC1E664D6200BED84F /* Help */ = {
			isa = PBXGroup;
			children = (
				183926F11E664E0E00BED84F /* HelpViewController.h */,
				183926F21E664E0E00BED84F /* HelpViewController.m */,
			);
			path = Help;
			sourceTree = "<group>";
		};
		183926ED1E664D7400BED84F /* MyInfo */ = {
			isa = PBXGroup;
			children = (
				183926F41E664E2900BED84F /* MyInfoTableViewController.h */,
				183926F51E664E2900BED84F /* MyInfoTableViewController.m */,
				183927291E670B9200BED84F /* MyInfoSub */,
			);
			path = MyInfo;
			sourceTree = "<group>";
		};
		183927001E66636900BED84F /* Config */ = {
			isa = PBXGroup;
			children = (
				183927011E66657100BED84F /* ConfigTableViewController.h */,
				183927021E66657100BED84F /* ConfigTableViewController.m */,
				183927081E666C5300BED84F /* APViewController.h */,
				183927091E666C5300BED84F /* APViewController.m */,
				1839270C1E666C7400BED84F /* FPViewController.h */,
				1839270D1E666C7400BED84F /* FPViewController.m */,
				1839270F1E666C9000BED84F /* RouteViewController.h */,
				183927101E666C9000BED84F /* RouteViewController.m */,
				183927161E667FFD00BED84F /* AddAP */,
				184A8E7D1E67FD2000CC066C /* EditAP */,
				1839272D1E670F5500BED84F /* Cell */,
				185D06EC1E713C4C003F8CA0 /* ImageView */,
				185D06FC1E7255DA003F8CA0 /* StartImageView */,
				185D06F61E721F78003F8CA0 /* StartViewController.h */,
				185D06F71E721F78003F8CA0 /* StartViewController.m */,
				185D06F91E721F89003F8CA0 /* CDFViewController.h */,
				185D06FA1E721F89003F8CA0 /* CDFViewController.m */,
			);
			path = Config;
			sourceTree = "<group>";
		};
		183927041E66657600BED84F /* Add */ = {
			isa = PBXGroup;
			children = (
				183927051E66658500BED84F /* AddTableViewController.h */,
				183927061E66658500BED84F /* AddTableViewController.m */,
			);
			path = Add;
			sourceTree = "<group>";
		};
		183927121E667CEB00BED84F /* Resources */ = {
			isa = PBXGroup;
			children = (
				185D06E71E704D66003F8CA0 /* wifilocation.sqlite */,
				183927211E66AE2400BED84F /* Plists */,
				183927131E667CF300BED84F /* Images */,
			);
			path = Resources;
			sourceTree = "<group>";
		};
		183927131E667CF300BED84F /* Images */ = {
			isa = PBXGroup;
			children = (
				18D5661C1E9A46F100EE7AA5 /* NowPlaying */,
				185D07051E72E310003F8CA0 /* Example.png */,
				183927331E679C4B00BED84F /* AP_demo.png */,
				183927341E679C4B00BED84F /* Route_demo.png */,
				183927271E66F9EC00BED84F /* iTunesArtwork.png */,
				1839271A1E6689E800BED84F /* Tabbar */,
				185D07071E758E4F003F8CA0 /* Login */,
				183927141E667D6400BED84F /* Desktop.jpg */,
				183926D61E65C3CE00BED84F /* Assets.xcassets */,
				18D5661D1E9A484A00EE7AA5 /* Images.xcassets */,
			);
			path = Images;
			sourceTree = "<group>";
		};
		183927161E667FFD00BED84F /* AddAP */ = {
			isa = PBXGroup;
			children = (
				183927171E66801200BED84F /* AddAPTableViewController.h */,
				183927181E66801200BED84F /* AddAPTableViewController.m */,
			);
			path = AddAP;
			sourceTree = "<group>";
		};
		1839271A1E6689E800BED84F /* Tabbar */ = {
			isa = PBXGroup;
			children = (
				1839271D1E668A7B00BED84F /* tabbar_meHL@2x.png */,
				1839271E1E668A7B00BED84F /* tabbar_settingHL@2x.png */,
				1839271B1E668A2200BED84F /* tabbar_mapHL@2x.png */,
			);
			path = Tabbar;
			sourceTree = "<group>";
		};
		183927211E66AE2400BED84F /* Plists */ = {
			isa = PBXGroup;
			children = (
				183927221E66AE3500BED84F /* map_info.plist */,
				183927311E67142E00BED84F /* ap_info.plist */,
				18E668531E6812CC005DA56E /* fp_info.plist */,
			);
			path = Plists;
			sourceTree = "<group>";
		};
		183927291E670B9200BED84F /* MyInfoSub */ = {
			isa = PBXGroup;
			children = (
				1839272A1E670BC300BED84F /* ChangeNameTableViewController.h */,
				1839272B1E670BC300BED84F /* ChangeNameTableViewController.m */,
				18E6685C1E695D16005DA56E /* ChangePasswordTableViewController.h */,
				18E6685D1E695D16005DA56E /* ChangePasswordTableViewController.m */,
			);
			path = MyInfoSub;
			sourceTree = "<group>";
		};
		1839272D1E670F5500BED84F /* Cell */ = {
			isa = PBXGroup;
			children = (
				1839272E1E670F7A00BED84F /* APTableViewCell.h */,
				1839272F1E670F7A00BED84F /* APTableViewCell.m */,
				18E668551E681429005DA56E /* FPTableViewCell.h */,
				18E668561E681429005DA56E /* FPTableViewCell.m */,
				185D06E91E70EBC3003F8CA0 /* SimuTableViewCell.h */,
				185D06EA1E70EBC3003F8CA0 /* SimuTableViewCell.m */,
			);
			name = Cell;
			sourceTree = "<group>";
		};
		184A8E791E67F21400CC066C /* Edit */ = {
			isa = PBXGroup;
			children = (
				184A8E7A1E67F24B00CC066C /* EditMapTableViewController.h */,
				184A8E7B1E67F24B00CC066C /* EditMapTableViewController.m */,
			);
			path = Edit;
			sourceTree = "<group>";
		};
		184A8E7D1E67FD2000CC066C /* EditAP */ = {
			isa = PBXGroup;
			children = (
				184A8E7E1E67FD4500CC066C /* EditAPTableViewController.h */,
				184A8E7F1E67FD4500CC066C /* EditAPTableViewController.m */,
			);
			path = EditAP;
			sourceTree = "<group>";
		};
		185121BC1E80F7B200C66422 /* WifiLocationKeyBoard */ = {
			isa = PBXGroup;
			children = (
				185121BD1E80F7B200C66422 /* KeyboardViewController.h */,
				185121BE1E80F7B200C66422 /* KeyboardViewController.m */,
				185121C01E80F7B200C66422 /* Info.plist */,
				185121C91E80FD1700C66422 /* KeyboardView.xib */,
			);
			path = WifiLocationKeyBoard;
			sourceTree = "<group>";
		};
		185D06D51E6FDF20003F8CA0 /* Utilities */ = {
			isa = PBXGroup;
			children = (
				185D06D61E6FDFEC003F8CA0 /* SQLiteHelper.h */,
				185D06D71E6FDFEC003F8CA0 /* SQLiteHelper.m */,
			);
			path = Utilities;
			sourceTree = "<group>";
		};
		185D06EC1E713C4C003F8CA0 /* ImageView */ = {
			isa = PBXGroup;
			children = (
				185D06F01E7140AB003F8CA0 /* APDrawView.h */,
				185D06F11E7140AB003F8CA0 /* APDrawView.m */,
				185D06F31E7185E2003F8CA0 /* SimuDrawView.h */,
				185D06F41E7185E2003F8CA0 /* SimuDrawView.m */,
			);
			path = ImageView;
			sourceTree = "<group>";
		};
		185D06FC1E7255DA003F8CA0 /* StartImageView */ = {
			isa = PBXGroup;
			children = (
				185D06FD1E725627003F8CA0 /* StartDrawView.h */,
				185D06FE1E725627003F8CA0 /* StartDrawView.m */,
				185D07001E7274F0003F8CA0 /* CDFDrawView.h */,
				185D07011E7274F0003F8CA0 /* CDFDrawView.m */,
			);
			path = StartImageView;
			sourceTree = "<group>";
		};
		185D07071E758E4F003F8CA0 /* Login */ = {
			isa = PBXGroup;
			children = (
				185D07081E758E76003F8CA0 /* account_snslogin_icon_1@2x.png */,
				185D07091E758E76003F8CA0 /* account_snslogin_icon_3@2x.png */,
				185D070A1E758E76003F8CA0 /* home_page_line_vertical@2x.png */,
				185D070B1E758E76003F8CA0 /* login_button@2x.png */,
				185D070C1E758E76003F8CA0 /* login_forgot_button@2x.png */,
				185D070D1E758E76003F8CA0 /* login_password_icon@2x.png */,
				185D070E1E758E76003F8CA0 /* login_username_icon@2x.png */,
			);
			path = Login;
			sourceTree = "<group>";
		};
		185D07161E75903A003F8CA0 /* Others */ = {
			isa = PBXGroup;
			children = (
				185D07171E75905D003F8CA0 /* LoginViewController.h */,
				185D07181E75905D003F8CA0 /* LoginViewController.m */,
			);
			path = Others;
			sourceTree = "<group>";
		};
		185D07211E767B85003F8CA0 /* WifiLocationToday */ = {
			isa = PBXGroup;
			children = (
				185D07221E767B85003F8CA0 /* TodayViewController.h */,
				185D07231E767B85003F8CA0 /* TodayViewController.m */,
				185D07251E767B85003F8CA0 /* MainInterface.storyboard */,
				185D07281E767B85003F8CA0 /* Info.plist */,
			);
			path = WifiLocationToday;
			sourceTree = "<group>";
		};
		18D5661C1E9A46F100EE7AA5 /* NowPlaying */ = {
			isa = PBXGroup;
			children = (
				18D5661F1E9A538700EE7AA5 /* cd_demo.jpg */,
			);
			path = NowPlaying;
			sourceTree = "<group>";
		};
		84551FB2E353502FA96C03FB /* Frameworks */ = {
			isa = PBXGroup;
			children = (
				185D06D91E6FE013003F8CA0 /* libsqlite3.tbd */,
				30B613ED484120FA3468FDC0 /* libPods-WifiLocation.a */,
				185D071F1E767B85003F8CA0 /* NotificationCenter.framework */,
				185121981E7FD98200C66422 /* Messages.framework */,
			);
			name = Frameworks;
			sourceTree = "<group>";
		};
		958CCE5A698AE20A1CCC6718 /* Pods */ = {
			isa = PBXGroup;
			children = (
				4CC78A8E5A7DD8F7C0EC4CE1 /* Pods-WifiLocation.debug.xcconfig */,
				8FCC9F60072EEB08B72250E6 /* Pods-WifiLocation.release.xcconfig */,
			);
			name = Pods;
			sourceTree = "<group>";
		};
/* End PBXGroup section */

/* Begin PBXNativeTarget section */
		183926C61E65C3CE00BED84F /* WifiLocation */ = {
			isa = PBXNativeTarget;
			buildConfigurationList = 183926DE1E65C3CE00BED84F /* Build configuration list for PBXNativeTarget "WifiLocation" */;
			buildPhases = (
				AF75F19AFD1D483CBC906F39 /* [CP] Check Pods Manifest.lock */,
				183926C31E65C3CE00BED84F /* Sources */,
				183926C41E65C3CE00BED84F /* Frameworks */,
				183926C51E65C3CE00BED84F /* Resources */,
				DD3DC4211EB158124495BEE1 /* [CP] Embed Pods Frameworks */,
				DF9517B3EA7167B1D216A0FE /* [CP] Copy Pods Resources */,
				185D072F1E767B85003F8CA0 /* Embed App Extensions */,
			);
			buildRules = (
			);
			dependencies = (
				185D072A1E767B85003F8CA0 /* PBXTargetDependency */,
				185121C21E80F7B200C66422 /* PBXTargetDependency */,
			);
			name = WifiLocation;
			productName = WifiLocation;
			productReference = 183926C71E65C3CE00BED84F /* WifiLocation.app */;
			productType = "com.apple.product-type.application";
		};
		185121BA1E80F7B200C66422 /* WifiLocationKeyBoard */ = {
			isa = PBXNativeTarget;
			buildConfigurationList = 185121C41E80F7B200C66422 /* Build configuration list for PBXNativeTarget "WifiLocationKeyBoard" */;
			buildPhases = (
				185121B71E80F7B200C66422 /* Sources */,
				185121B81E80F7B200C66422 /* Frameworks */,
				185121B91E80F7B200C66422 /* Resources */,
			);
			buildRules = (
			);
			dependencies = (
			);
			name = WifiLocationKeyBoard;
			productName = WifiLocationKeyBoard;
			productReference = 185121BB1E80F7B200C66422 /* WifiLocationKeyBoard.appex */;
			productType = "com.apple.product-type.app-extension";
		};
		185D071D1E767B85003F8CA0 /* WifiLocationToday */ = {
			isa = PBXNativeTarget;
			buildConfigurationList = 185D072C1E767B85003F8CA0 /* Build configuration list for PBXNativeTarget "WifiLocationToday" */;
			buildPhases = (
				185D071A1E767B85003F8CA0 /* Sources */,
				185D071B1E767B85003F8CA0 /* Frameworks */,
				185D071C1E767B85003F8CA0 /* Resources */,
			);
			buildRules = (
			);
			dependencies = (
			);
			name = WifiLocationToday;
			productName = WifiLocationToday;
			productReference = 185D071E1E767B85003F8CA0 /* WifiLocationToday.appex */;
			productType = "com.apple.product-type.app-extension";
		};
/* End PBXNativeTarget section */

/* Begin PBXProject section */
		183926BF1E65C3CE00BED84F /* Project object */ = {
			isa = PBXProject;
			attributes = {
				LastUpgradeCheck = 0820;
				ORGANIZATIONNAME = "LEY's MacBook";
				TargetAttributes = {
					183926C61E65C3CE00BED84F = {
						CreatedOnToolsVersion = 8.2;
						DevelopmentTeam = J4YMYJUA3G;
						ProvisioningStyle = Automatic;
					};
					185121BA1E80F7B200C66422 = {
						CreatedOnToolsVersion = 8.2;
						DevelopmentTeam = J4YMYJUA3G;
						ProvisioningStyle = Automatic;
					};
					185D071D1E767B85003F8CA0 = {
						CreatedOnToolsVersion = 8.2;
						DevelopmentTeam = J4YMYJUA3G;
						ProvisioningStyle = Automatic;
					};
				};
			};
			buildConfigurationList = 183926C21E65C3CE00BED84F /* Build configuration list for PBXProject "WifiLocation" */;
			compatibilityVersion = "Xcode 3.2";
			developmentRegion = English;
			hasScannedForEncodings = 0;
			knownRegions = (
				en,
				Base,
			);
			mainGroup = 183926BE1E65C3CE00BED84F;
			productRefGroup = 183926C81E65C3CE00BED84F /* Products */;
			projectDirPath = "";
			projectRoot = "";
			targets = (
				183926C61E65C3CE00BED84F /* WifiLocation */,
				185D071D1E767B85003F8CA0 /* WifiLocationToday */,
				185121BA1E80F7B200C66422 /* WifiLocationKeyBoard */,
			);
		};
/* End PBXProject section */

/* Begin PBXResourcesBuildPhase section */
		183926C51E65C3CE00BED84F /* Resources */ = {
			isa = PBXResourcesBuildPhase;
			buildActionMask = 2147483647;
			files = (
				183927361E679C4B00BED84F /* Route_demo.png in Resources */,
				18D5661E1E9A484A00EE7AA5 /* Images.xcassets in Resources */,
				183927151E667D6400BED84F /* Desktop.jpg in Resources */,
				183927351E679C4B00BED84F /* AP_demo.png in Resources */,
				183927231E66AE3500BED84F /* map_info.plist in Resources */,
				183926DA1E65C3CE00BED84F /* LaunchScreen.storyboard in Resources */,
				1839271C1E668A2200BED84F /* tabbar_mapHL@2x.png in Resources */,
				183926D71E65C3CE00BED84F /* Assets.xcassets in Resources */,
				185D07131E758E76003F8CA0 /* login_forgot_button@2x.png in Resources */,
				185D07121E758E76003F8CA0 /* login_button@2x.png in Resources */,
				1839271F1E668A7B00BED84F /* tabbar_meHL@2x.png in Resources */,
				185D07111E758E76003F8CA0 /* home_page_line_vertical@2x.png in Resources */,
				183927281E66F9EC00BED84F /* iTunesArtwork.png in Resources */,
				185D06E81E704D66003F8CA0 /* wifilocation.sqlite in Resources */,
				185D07151E758E76003F8CA0 /* login_username_icon@2x.png in Resources */,
				183927201E668A7B00BED84F /* tabbar_settingHL@2x.png in Resources */,
				183926D51E65C3CE00BED84F /* Main.storyboard in Resources */,
				185D070F1E758E76003F8CA0 /* account_snslogin_icon_1@2x.png in Resources */,
				185D07141E758E76003F8CA0 /* login_password_icon@2x.png in Resources */,
				185D07061E72E310003F8CA0 /* Example.png in Resources */,
				18E668541E6812CC005DA56E /* fp_info.plist in Resources */,
				18D566201E9A538700EE7AA5 /* cd_demo.jpg in Resources */,
				183927321E67142E00BED84F /* ap_info.plist in Resources */,
				185D07101E758E76003F8CA0 /* account_snslogin_icon_3@2x.png in Resources */,
			);
			runOnlyForDeploymentPostprocessing = 0;
		};
		185121B91E80F7B200C66422 /* Resources */ = {
			isa = PBXResourcesBuildPhase;
			buildActionMask = 2147483647;
			files = (
				185121CA1E80FD1700C66422 /* KeyboardView.xib in Resources */,
			);
			runOnlyForDeploymentPostprocessing = 0;
		};
		185D071C1E767B85003F8CA0 /* Resources */ = {
			isa = PBXResourcesBuildPhase;
			buildActionMask = 2147483647;
			files = (
				185D07271E767B85003F8CA0 /* MainInterface.storyboard in Resources */,
			);
			runOnlyForDeploymentPostprocessing = 0;
		};
/* End PBXResourcesBuildPhase section */

/* Begin PBXShellScriptBuildPhase section */
		AF75F19AFD1D483CBC906F39 /* [CP] Check Pods Manifest.lock */ = {
			isa = PBXShellScriptBuildPhase;
			buildActionMask = 2147483647;
			files = (
			);
			inputPaths = (
			);
			name = "[CP] Check Pods Manifest.lock";
			outputPaths = (
			);
			runOnlyForDeploymentPostprocessing = 0;
			shellPath = /bin/sh;
			shellScript = "diff \"${PODS_ROOT}/../Podfile.lock\" \"${PODS_ROOT}/Manifest.lock\" > /dev/null\nif [ $? != 0 ] ; then\n    # print error to STDERR\n    echo \"error: The sandbox is not in sync with the Podfile.lock. Run 'pod install' or update your CocoaPods installation.\" >&2\n    exit 1\nfi\n";
			showEnvVarsInLog = 0;
		};
		DD3DC4211EB158124495BEE1 /* [CP] Embed Pods Frameworks */ = {
			isa = PBXShellScriptBuildPhase;
			buildActionMask = 2147483647;
			files = (
			);
			inputPaths = (
			);
			name = "[CP] Embed Pods Frameworks";
			outputPaths = (
			);
			runOnlyForDeploymentPostprocessing = 0;
			shellPath = /bin/sh;
			shellScript = "\"${SRCROOT}/Pods/Target Support Files/Pods-WifiLocation/Pods-WifiLocation-frameworks.sh\"\n";
			showEnvVarsInLog = 0;
		};
		DF9517B3EA7167B1D216A0FE /* [CP] Copy Pods Resources */ = {
			isa = PBXShellScriptBuildPhase;
			buildActionMask = 2147483647;
			files = (
			);
			inputPaths = (
			);
			name = "[CP] Copy Pods Resources";
			outputPaths = (
			);
			runOnlyForDeploymentPostprocessing = 0;
			shellPath = /bin/sh;
			shellScript = "\"${SRCROOT}/Pods/Target Support Files/Pods-WifiLocation/Pods-WifiLocation-resources.sh\"\n";
			showEnvVarsInLog = 0;
		};
/* End PBXShellScriptBuildPhase section */

/* Begin PBXSourcesBuildPhase section */
		183926C31E65C3CE00BED84F /* Sources */ = {
			isa = PBXSourcesBuildPhase;
			buildActionMask = 2147483647;
			files = (
				18E6685E1E695D16005DA56E /* ChangePasswordTableViewController.m in Sources */,
				185D06E61E701EFD003F8CA0 /* SimuModel.m in Sources */,
				185D06E01E701ED8003F8CA0 /* APModel.m in Sources */,
				183927031E66657100BED84F /* ConfigTableViewController.m in Sources */,
				185655D31E891721001FC791 /* LogViewController.m in Sources */,
				185D07191E75905D003F8CA0 /* LoginViewController.m in Sources */,
				185D06E31E701EE6003F8CA0 /* FPModel.m in Sources */,
				18E668571E681429005DA56E /* FPTableViewCell.m in Sources */,
				183926F01E664DA100BED84F /* AboutViewController.m in Sources */,
				183927071E66658500BED84F /* AddTableViewController.m in Sources */,
				183926FC1E66588B00BED84F /* MapsTableViewController.m in Sources */,
				184A8E7C1E67F24B00CC066C /* EditMapTableViewController.m in Sources */,
				185D06D81E6FDFEC003F8CA0 /* SQLiteHelper.m in Sources */,
				183926F91E6652D300BED84F /* MainTabBarController.m in Sources */,
				185D06F51E7185E2003F8CA0 /* SimuDrawView.m in Sources */,
				181CE8E91E77C8FD0092EBF5 /* ManageTableViewController.m in Sources */,
				183927191E66801200BED84F /* AddAPTableViewController.m in Sources */,
				185D07021E7274F0003F8CA0 /* CDFDrawView.m in Sources */,
				183926FF1E66628600BED84F /* BaseNavigationController.m in Sources */,
				183926CF1E65C3CE00BED84F /* AppDelegate.m in Sources */,
				185D06DD1E6FFD09003F8CA0 /* MapModel.m in Sources */,
				183927301E670F7A00BED84F /* APTableViewCell.m in Sources */,
				183926EA1E664D5100BED84F /* MineTableViewController.m in Sources */,
				183926F31E664E0E00BED84F /* HelpViewController.m in Sources */,
				184A8E801E67FD4500CC066C /* EditAPTableViewController.m in Sources */,
				183927111E666C9000BED84F /* RouteViewController.m in Sources */,
				1839270A1E666C5300BED84F /* APViewController.m in Sources */,
				183926CC1E65C3CE00BED84F /* main.m in Sources */,
				183926F61E664E2900BED84F /* MyInfoTableViewController.m in Sources */,
				185D06FF1E725627003F8CA0 /* StartDrawView.m in Sources */,
				183927261E66B30000BED84F /* MapTableViewCell.m in Sources */,
				185D06FB1E721F89003F8CA0 /* CDFViewController.m in Sources */,
				185D06F81E721F78003F8CA0 /* StartViewController.m in Sources */,
				1839270E1E666C7400BED84F /* FPViewController.m in Sources */,
				185655D61E8917ED001FC791 /* SettingsTableViewController.m in Sources */,
				185D06F21E7140AB003F8CA0 /* APDrawView.m in Sources */,
				1839272C1E670BC300BED84F /* ChangeNameTableViewController.m in Sources */,
				185D06EB1E70EBC3003F8CA0 /* SimuTableViewCell.m in Sources */,
			);
			runOnlyForDeploymentPostprocessing = 0;
		};
		185121B71E80F7B200C66422 /* Sources */ = {
			isa = PBXSourcesBuildPhase;
			buildActionMask = 2147483647;
			files = (
				185121BF1E80F7B200C66422 /* KeyboardViewController.m in Sources */,
			);
			runOnlyForDeploymentPostprocessing = 0;
		};
		185D071A1E767B85003F8CA0 /* Sources */ = {
			isa = PBXSourcesBuildPhase;
			buildActionMask = 2147483647;
			files = (
				185D07241E767B85003F8CA0 /* TodayViewController.m in Sources */,
			);
			runOnlyForDeploymentPostprocessing = 0;
		};
/* End PBXSourcesBuildPhase section */

/* Begin PBXTargetDependency section */
		185121C21E80F7B200C66422 /* PBXTargetDependency */ = {
			isa = PBXTargetDependency;
			target = 185121BA1E80F7B200C66422 /* WifiLocationKeyBoard */;
			targetProxy = 185121C11E80F7B200C66422 /* PBXContainerItemProxy */;
		};
		185D072A1E767B85003F8CA0 /* PBXTargetDependency */ = {
			isa = PBXTargetDependency;
			target = 185D071D1E767B85003F8CA0 /* WifiLocationToday */;
			targetProxy = 185D07291E767B85003F8CA0 /* PBXContainerItemProxy */;
		};
/* End PBXTargetDependency section */

/* Begin PBXVariantGroup section */
		183926D31E65C3CE00BED84F /* Main.storyboard */ = {
			isa = PBXVariantGroup;
			children = (
				183926D41E65C3CE00BED84F /* Base */,
			);
			name = Main.storyboard;
			sourceTree = "<group>";
		};
		183926D81E65C3CE00BED84F /* LaunchScreen.storyboard */ = {
			isa = PBXVariantGroup;
			children = (
				183926D91E65C3CE00BED84F /* Base */,
			);
			name = LaunchScreen.storyboard;
			sourceTree = "<group>";
		};
		185D07251E767B85003F8CA0 /* MainInterface.storyboard */ = {
			isa = PBXVariantGroup;
			children = (
				185D07261E767B85003F8CA0 /* Base */,
			);
			name = MainInterface.storyboard;
			sourceTree = "<group>";
		};
/* End PBXVariantGroup section */

/* Begin XCBuildConfiguration section */
		183926DC1E65C3CE00BED84F /* Debug */ = {
			isa = XCBuildConfiguration;
			buildSettings = {
				ALWAYS_SEARCH_USER_PATHS = NO;
				CLANG_ANALYZER_NONNULL = YES;
				CLANG_CXX_LANGUAGE_STANDARD = "gnu++0x";
				CLANG_CXX_LIBRARY = "libc++";
				CLANG_ENABLE_MODULES = YES;
				CLANG_ENABLE_OBJC_ARC = YES;
				CLANG_WARN_BOOL_CONVERSION = YES;
				CLANG_WARN_CONSTANT_CONVERSION = YES;
				CLANG_WARN_DIRECT_OBJC_ISA_USAGE = YES_ERROR;
				CLANG_WARN_DOCUMENTATION_COMMENTS = YES;
				CLANG_WARN_EMPTY_BODY = YES;
				CLANG_WARN_ENUM_CONVERSION = YES;
				CLANG_WARN_INFINITE_RECURSION = YES;
				CLANG_WARN_INT_CONVERSION = YES;
				CLANG_WARN_OBJC_ROOT_CLASS = YES_ERROR;
				CLANG_WARN_SUSPICIOUS_MOVE = YES;
				CLANG_WARN_UNREACHABLE_CODE = YES;
				CLANG_WARN__DUPLICATE_METHOD_MATCH = YES;
				"CODE_SIGN_IDENTITY[sdk=iphoneos*]" = "iPhone Developer";
				COPY_PHASE_STRIP = NO;
				DEBUG_INFORMATION_FORMAT = dwarf;
				ENABLE_STRICT_OBJC_MSGSEND = YES;
				ENABLE_TESTABILITY = YES;
				GCC_C_LANGUAGE_STANDARD = gnu99;
				GCC_DYNAMIC_NO_PIC = NO;
				GCC_NO_COMMON_BLOCKS = YES;
				GCC_OPTIMIZATION_LEVEL = 0;
				GCC_PREPROCESSOR_DEFINITIONS = (
					"DEBUG=1",
					"$(inherited)",
				);
				GCC_WARN_64_TO_32_BIT_CONVERSION = YES;
				GCC_WARN_ABOUT_RETURN_TYPE = YES_ERROR;
				GCC_WARN_UNDECLARED_SELECTOR = YES;
				GCC_WARN_UNINITIALIZED_AUTOS = YES_AGGRESSIVE;
				GCC_WARN_UNUSED_FUNCTION = YES;
				GCC_WARN_UNUSED_VARIABLE = YES;
				IPHONEOS_DEPLOYMENT_TARGET = 10.2;
				MTL_ENABLE_DEBUG_INFO = YES;
				ONLY_ACTIVE_ARCH = YES;
				SDKROOT = iphoneos;
			};
			name = Debug;
		};
		183926DD1E65C3CE00BED84F /* Release */ = {
			isa = XCBuildConfiguration;
			buildSettings = {
				ALWAYS_SEARCH_USER_PATHS = NO;
				CLANG_ANALYZER_NONNULL = YES;
				CLANG_CXX_LANGUAGE_STANDARD = "gnu++0x";
				CLANG_CXX_LIBRARY = "libc++";
				CLANG_ENABLE_MODULES = YES;
				CLANG_ENABLE_OBJC_ARC = YES;
				CLANG_WARN_BOOL_CONVERSION = YES;
				CLANG_WARN_CONSTANT_CONVERSION = YES;
				CLANG_WARN_DIRECT_OBJC_ISA_USAGE = YES_ERROR;
				CLANG_WARN_DOCUMENTATION_COMMENTS = YES;
				CLANG_WARN_EMPTY_BODY = YES;
				CLANG_WARN_ENUM_CONVERSION = YES;
				CLANG_WARN_INFINITE_RECURSION = YES;
				CLANG_WARN_INT_CONVERSION = YES;
				CLANG_WARN_OBJC_ROOT_CLASS = YES_ERROR;
				CLANG_WARN_SUSPICIOUS_MOVE = YES;
				CLANG_WARN_UNREACHABLE_CODE = YES;
				CLANG_WARN__DUPLICATE_METHOD_MATCH = YES;
				"CODE_SIGN_IDENTITY[sdk=iphoneos*]" = "iPhone Developer";
				COPY_PHASE_STRIP = NO;
				DEBUG_INFORMATION_FORMAT = "dwarf-with-dsym";
				ENABLE_NS_ASSERTIONS = NO;
				ENABLE_STRICT_OBJC_MSGSEND = YES;
				GCC_C_LANGUAGE_STANDARD = gnu99;
				GCC_NO_COMMON_BLOCKS = YES;
				GCC_WARN_64_TO_32_BIT_CONVERSION = YES;
				GCC_WARN_ABOUT_RETURN_TYPE = YES_ERROR;
				GCC_WARN_UNDECLARED_SELECTOR = YES;
				GCC_WARN_UNINITIALIZED_AUTOS = YES_AGGRESSIVE;
				GCC_WARN_UNUSED_FUNCTION = YES;
				GCC_WARN_UNUSED_VARIABLE = YES;
				IPHONEOS_DEPLOYMENT_TARGET = 10.2;
				MTL_ENABLE_DEBUG_INFO = NO;
				SDKROOT = iphoneos;
				VALIDATE_PRODUCT = YES;
			};
			name = Release;
		};
		183926DF1E65C3CE00BED84F /* Debug */ = {
			isa = XCBuildConfiguration;
			baseConfigurationReference = 4CC78A8E5A7DD8F7C0EC4CE1 /* Pods-WifiLocation.debug.xcconfig */;
			buildSettings = {
				ASSETCATALOG_COMPILER_APPICON_NAME = AppIcon;
				DEVELOPMENT_TEAM = J4YMYJUA3G;
				GCC_INCREASE_PRECOMPILED_HEADER_SHARING = NO;
				GCC_PREFIX_HEADER = WifiLocation/PrefixHeader.pch;
				INFOPLIST_FILE = WifiLocation/Info.plist;
				LD_RUNPATH_SEARCH_PATHS = "$(inherited) @executable_path/Frameworks";
				PRODUCT_BUNDLE_IDENTIFIER = LEY.WifiLocation;
				PRODUCT_NAME = "$(TARGET_NAME)";
				TARGETED_DEVICE_FAMILY = "1,2";
			};
			name = Debug;
		};
		183926E01E65C3CE00BED84F /* Release */ = {
			isa = XCBuildConfiguration;
			baseConfigurationReference = 8FCC9F60072EEB08B72250E6 /* Pods-WifiLocation.release.xcconfig */;
			buildSettings = {
				ASSETCATALOG_COMPILER_APPICON_NAME = AppIcon;
				DEVELOPMENT_TEAM = J4YMYJUA3G;
				GCC_INCREASE_PRECOMPILED_HEADER_SHARING = NO;
				GCC_PREFIX_HEADER = WifiLocation/PrefixHeader.pch;
				INFOPLIST_FILE = WifiLocation/Info.plist;
				LD_RUNPATH_SEARCH_PATHS = "$(inherited) @executable_path/Frameworks";
				PRODUCT_BUNDLE_IDENTIFIER = LEY.WifiLocation;
				PRODUCT_NAME = "$(TARGET_NAME)";
				TARGETED_DEVICE_FAMILY = "1,2";
			};
			name = Release;
		};
		185121C51E80F7B200C66422 /* Debug */ = {
			isa = XCBuildConfiguration;
			buildSettings = {
				DEVELOPMENT_TEAM = J4YMYJUA3G;
				INFOPLIST_FILE = WifiLocationKeyBoard/Info.plist;
				LD_RUNPATH_SEARCH_PATHS = "$(inherited) @executable_path/Frameworks @executable_path/../../Frameworks";
				PRODUCT_BUNDLE_IDENTIFIER = LEY.WifiLocation.WifiLocationKeyBoard;
				PRODUCT_NAME = "$(TARGET_NAME)";
				SKIP_INSTALL = YES;
			};
			name = Debug;
		};
		185121C61E80F7B200C66422 /* Release */ = {
			isa = XCBuildConfiguration;
			buildSettings = {
				DEVELOPMENT_TEAM = J4YMYJUA3G;
				INFOPLIST_FILE = WifiLocationKeyBoard/Info.plist;
				LD_RUNPATH_SEARCH_PATHS = "$(inherited) @executable_path/Frameworks @executable_path/../../Frameworks";
				PRODUCT_BUNDLE_IDENTIFIER = LEY.WifiLocation.WifiLocationKeyBoard;
				PRODUCT_NAME = "$(TARGET_NAME)";
				SKIP_INSTALL = YES;
			};
			name = Release;
		};
		185D072D1E767B85003F8CA0 /* Debug */ = {
			isa = XCBuildConfiguration;
			buildSettings = {
				DEVELOPMENT_TEAM = J4YMYJUA3G;
				INFOPLIST_FILE = WifiLocationToday/Info.plist;
				LD_RUNPATH_SEARCH_PATHS = "$(inherited) @executable_path/Frameworks @executable_path/../../Frameworks";
				PRODUCT_BUNDLE_IDENTIFIER = LEY.WifiLocation.WifiLocationToday;
				PRODUCT_NAME = "$(TARGET_NAME)";
				SKIP_INSTALL = YES;
			};
			name = Debug;
		};
		185D072E1E767B85003F8CA0 /* Release */ = {
			isa = XCBuildConfiguration;
			buildSettings = {
				DEVELOPMENT_TEAM = J4YMYJUA3G;
				INFOPLIST_FILE = WifiLocationToday/Info.plist;
				LD_RUNPATH_SEARCH_PATHS = "$(inherited) @executable_path/Frameworks @executable_path/../../Frameworks";
				PRODUCT_BUNDLE_IDENTIFIER = LEY.WifiLocation.WifiLocationToday;
				PRODUCT_NAME = "$(TARGET_NAME)";
				SKIP_INSTALL = YES;
			};
			name = Release;
		};
/* End XCBuildConfiguration section */

/* Begin XCConfigurationList section */
		183926C21E65C3CE00BED84F /* Build configuration list for PBXProject "WifiLocation" */ = {
			isa = XCConfigurationList;
			buildConfigurations = (
				183926DC1E65C3CE00BED84F /* Debug */,
				183926DD1E65C3CE00BED84F /* Release */,
			);
			defaultConfigurationIsVisible = 0;
			defaultConfigurationName = Release;
		};
		183926DE1E65C3CE00BED84F /* Build configuration list for PBXNativeTarget "WifiLocation" */ = {
			isa = XCConfigurationList;
			buildConfigurations = (
				183926DF1E65C3CE00BED84F /* Debug */,
				183926E01E65C3CE00BED84F /* Release */,
			);
			defaultConfigurationIsVisible = 0;
			defaultConfigurationName = Release;
		};
		185121C41E80F7B200C66422 /* Build configuration list for PBXNativeTarget "WifiLocationKeyBoard" */ = {
			isa = XCConfigurationList;
			buildConfigurations = (
				185121C51E80F7B200C66422 /* Debug */,
				185121C61E80F7B200C66422 /* Release */,
			);
			defaultConfigurationIsVisible = 0;
			defaultConfigurationName = Release;
		};
		185D072C1E767B85003F8CA0 /* Build configuration list for PBXNativeTarget "WifiLocationToday" */ = {
			isa = XCConfigurationList;
			buildConfigurations = (
				185D072D1E767B85003F8CA0 /* Debug */,
				185D072E1E767B85003F8CA0 /* Release */,
			);
			defaultConfigurationIsVisible = 0;
			defaultConfigurationName = Release;
		};
/* End XCConfigurationList section */
	};
	rootObject = 183926BF1E65C3CE00BED84F /* Project object */;
}
