// !$*UTF8*$!
{
	archiveVersion = 1;
	classes = {
	};
	objectVersion = 46;
	objects = {

/* Begin PBXBuildFile section */
		183926CC1E65C3CE00BED84F /* main.m in Sources */ = {isa = PBXBuildFile; fileRef = 183926CB1E65C3CE00BED84F /* main.m */; };
		183926CF1E65C3CE00BED84F /* AppDelegate.m in Sources */ = {isa = PBXBuildFile; fileRef = 183926CE1E65C3CE00BED84F /* AppDelegate.m */; };
		183926D21E65C3CE00BED84F /* ViewController.m in Sources */ = {isa = PBXBuildFile; fileRef = 183926D11E65C3CE00BED84F /* ViewController.m */; };
		183926D51E65C3CE00BED84F /* Main.storyboard in Resources */ = {isa = PBXBuildFile; fileRef = 183926D31E65C3CE00BED84F /* Main.storyboard */; };
		183926D71E65C3CE00BED84F /* Assets.xcassets in Resources */ = {isa = PBXBuildFile; fileRef = 183926D61E65C3CE00BED84F /* Assets.xcassets */; };
		183926DA1E65C3CE00BED84F /* LaunchScreen.storyboard in Resources */ = {isa = PBXBuildFile; fileRef = 183926D81E65C3CE00BED84F /* LaunchScreen.storyboard */; };
/* End PBXBuildFile section */

/* Begin PBXFileReference section */
		183926C71E65C3CE00BED84F /* WifiLocation.app */ = {isa = PBXFileReference; explicitFileType = wrapper.application; includeInIndex = 0; path = WifiLocation.app; sourceTree = BUILT_PRODUCTS_DIR; };
		183926CB1E65C3CE00BED84F /* main.m */ = {isa = PBXFileReference; lastKnownFileType = sourcecode.c.objc; path = main.m; sourceTree = "<group>"; };
		183926CD1E65C3CE00BED84F /* AppDelegate.h */ = {isa = PBXFileReference; lastKnownFileType = sourcecode.c.h; path = AppDelegate.h; sourceTree = "<group>"; };
		183926CE1E65C3CE00BED84F /* AppDelegate.m */ = {isa = PBXFileReference; lastKnownFileType = sourcecode.c.objc; path = AppDelegate.m; sourceTree = "<group>"; };
		183926D01E65C3CE00BED84F /* ViewController.h */ = {isa = PBXFileReference; lastKnownFileType = sourcecode.c.h; path = ViewController.h; sourceTree = "<group>"; };
		183926D11E65C3CE00BED84F /* ViewController.m */ = {isa = PBXFileReference; lastKnownFileType = sourcecode.c.objc; path = ViewController.m; sourceTree = "<group>"; };
		183926D41E65C3CE00BED84F /* Base */ = {isa = PBXFileReference; lastKnownFileType = file.storyboard; name = Base; path = Base.lproj/Main.storyboard; sourceTree = "<group>"; };
		183926D61E65C3CE00BED84F /* Assets.xcassets */ = {isa = PBXFileReference; lastKnownFileType = folder.assetcatalog; path = Assets.xcassets; sourceTree = "<group>"; };
		183926D91E65C3CE00BED84F /* Base */ = {isa = PBXFileReference; lastKnownFileType = file.storyboard; name = Base; path = Base.lproj/LaunchScreen.storyboard; sourceTree = "<group>"; };
		183926DB1E65C3CE00BED84F /* Info.plist */ = {isa = PBXFileReference; lastKnownFileType = text.plist.xml; path = Info.plist; sourceTree = "<group>"; };
/* End PBXFileReference section */

/* Begin PBXFrameworksBuildPhase section */
		183926C41E65C3CE00BED84F /* Frameworks */ = {
			isa = PBXFrameworksBuildPhase;
			buildActionMask = 2147483647;
			files = (
			);
			runOnlyForDeploymentPostprocessing = 0;
		};
/* End PBXFrameworksBuildPhase section */

/* Begin PBXGroup section */
		183926BE1E65C3CE00BED84F = {
			isa = PBXGroup;
			children = (
				183926C91E65C3CE00BED84F /* WifiLocation */,
				183926C81E65C3CE00BED84F /* Products */,
			);
			sourceTree = "<group>";
		};
		183926C81E65C3CE00BED84F /* Products */ = {
			isa = PBXGroup;
			children = (
				183926C71E65C3CE00BED84F /* WifiLocation.app */,
			);
			name = Products;
			sourceTree = "<group>";
		};
		183926C91E65C3CE00BED84F /* WifiLocation */ = {
			isa = PBXGroup;
			children = (
				183926CD1E65C3CE00BED84F /* AppDelegate.h */,
				183926CE1E65C3CE00BED84F /* AppDelegate.m */,
				183926D01E65C3CE00BED84F /* ViewController.h */,
				183926D11E65C3CE00BED84F /* ViewController.m */,
				183926D31E65C3CE00BED84F /* Main.storyboard */,
				183926D61E65C3CE00BED84F /* Assets.xcassets */,
				183926D81E65C3CE00BED84F /* LaunchScreen.storyboard */,
				183926DB1E65C3CE00BED84F /* Info.plist */,
				183926CA1E65C3CE00BED84F /* Supporting Files */,
			);
			path = WifiLocation;
			sourceTree = "<group>";
		};
		183926CA1E65C3CE00BED84F /* Supporting Files */ = {
			isa = PBXGroup;
			children = (
				183926CB1E65C3CE00BED84F /* main.m */,
			);
			name = "Supporting Files";
			sourceTree = "<group>";
		};
/* End PBXGroup section */

/* Begin PBXNativeTarget section */
		183926C61E65C3CE00BED84F /* WifiLocation */ = {
			isa = PBXNativeTarget;
			buildConfigurationList = 183926DE1E65C3CE00BED84F /* Build configuration list for PBXNativeTarget "WifiLocation" */;
			buildPhases = (
				183926C31E65C3CE00BED84F /* Sources */,
				183926C41E65C3CE00BED84F /* Frameworks */,
				183926C51E65C3CE00BED84F /* Resources */,
			);
			buildRules = (
			);
			dependencies = (
			);
			name = WifiLocation;
			productName = WifiLocation;
			productReference = 183926C71E65C3CE00BED84F /* WifiLocation.app */;
			productType = "com.apple.product-type.application";
		};
/* End PBXNativeTarget section */

/* Begin PBXProject section */
		183926BF1E65C3CE00BED84F /* Project object */ = {
			isa = PBXProject;
			attributes = {
				LastUpgradeCheck = 0820;
				ORGANIZATIONNAME = "LEY's MacBook";
				TargetAttributes = {
					183926C61E65C3CE00BED84F = {
						CreatedOnToolsVersion = 8.2;
						ProvisioningStyle = Automatic;
					};
				};
			};
			buildConfigurationList = 183926C21E65C3CE00BED84F /* Build configuration list for PBXProject "WifiLocation" */;
			compatibilityVersion = "Xcode 3.2";
			developmentRegion = English;
			hasScannedForEncodings = 0;
			knownRegions = (
				en,
				Base,
			);
			mainGroup = 183926BE1E65C3CE00BED84F;
			productRefGroup = 183926C81E65C3CE00BED84F /* Products */;
			projectDirPath = "";
			projectRoot = "";
			targets = (
				183926C61E65C3CE00BED84F /* WifiLocation */,
			);
		};
/* End PBXProject section */

/* Begin PBXResourcesBuildPhase section */
		183926C51E65C3CE00BED84F /* Resources */ = {
			isa = PBXResourcesBuildPhase;
			buildActionMask = 2147483647;
			files = (
				183926DA1E65C3CE00BED84F /* LaunchScreen.storyboard in Resources */,
				183926D71E65C3CE00BED84F /* Assets.xcassets in Resources */,
				183926D51E65C3CE00BED84F /* Main.storyboard in Resources */,
			);
			runOnlyForDeploymentPostprocessing = 0;
		};
/* End PBXResourcesBuildPhase section */

/* Begin PBXSourcesBuildPhase section */
		183926C31E65C3CE00BED84F /* Sources */ = {
			isa = PBXSourcesBuildPhase;
			buildActionMask = 2147483647;
			files = (
				183926D21E65C3CE00BED84F /* ViewController.m in Sources */,
				183926CF1E65C3CE00BED84F /* AppDelegate.m in Sources */,
				183926CC1E65C3CE00BED84F /* main.m in Sources */,
			);
			runOnlyForDeploymentPostprocessing = 0;
		};
/* End PBXSourcesBuildPhase section */

/* Begin PBXVariantGroup section */
		183926D31E65C3CE00BED84F /* Main.storyboard */ = {
			isa = PBXVariantGroup;
			children = (
				183926D41E65C3CE00BED84F /* Base */,
			);
			name = Main.storyboard;
			sourceTree = "<group>";
		};
		183926D81E65C3CE00BED84F /* LaunchScreen.storyboard */ = {
			isa = PBXVariantGroup;
			children = (
				183926D91E65C3CE00BED84F /* Base */,
			);
			name = LaunchScreen.storyboard;
			sourceTree = "<group>";
		};
/* End PBXVariantGroup section */

/* Begin XCBuildConfiguration section */
		183926DC1E65C3CE00BED84F /* Debug */ = {
			isa = XCBuildConfiguration;
			buildSettings = {
				ALWAYS_SEARCH_USER_PATHS = NO;
				CLANG_ANALYZER_NONNULL = YES;
				CLANG_CXX_LANGUAGE_STANDARD = "gnu++0x";
				CLANG_CXX_LIBRARY = "libc++";
				CLANG_ENABLE_MODULES = YES;
				CLANG_ENABLE_OBJC_ARC = YES;
				CLANG_WARN_BOOL_CONVERSION = YES;
				CLANG_WARN_CONSTANT_CONVERSION = YES;
				CLANG_WARN_DIRECT_OBJC_ISA_USAGE = YES_ERROR;
				CLANG_WARN_DOCUMENTATION_COMMENTS = YES;
				CLANG_WARN_EMPTY_BODY = YES;
				CLANG_WARN_ENUM_CONVERSION = YES;
				CLANG_WARN_INFINITE_RECURSION = YES;
				CLANG_WARN_INT_CONVERSION = YES;
				CLANG_WARN_OBJC_ROOT_CLASS = YES_ERROR;
				CLANG_WARN_SUSPICIOUS_MOVE = YES;
				CLANG_WARN_UNREACHABLE_CODE = YES;
				CLANG_WARN__DUPLICATE_METHOD_MATCH = YES;
				"CODE_SIGN_IDENTITY[sdk=iphoneos*]" = "iPhone Developer";
				COPY_PHASE_STRIP = NO;
				DEBUG_INFORMATION_FORMAT = dwarf;
				ENABLE_STRICT_OBJC_MSGSEND = YES;
				ENABLE_TESTABILITY = YES;
				GCC_C_LANGUAGE_STANDARD = gnu99;
				GCC_DYNAMIC_NO_PIC = NO;
				GCC_NO_COMMON_BLOCKS = YES;
				GCC_OPTIMIZATION_LEVEL = 0;
				GCC_PREPROCESSOR_DEFINITIONS = (
					"DEBUG=1",
					"$(inherited)",
				);
				GCC_WARN_64_TO_32_BIT_CONVERSION = YES;
				GCC_WARN_ABOUT_RETURN_TYPE = YES_ERROR;
				GCC_WARN_UNDECLARED_SELECTOR = YES;
				GCC_WARN_UNINITIALIZED_AUTOS = YES_AGGRESSIVE;
				GCC_WARN_UNUSED_FUNCTION = YES;
				GCC_WARN_UNUSED_VARIABLE = YES;
				IPHONEOS_DEPLOYMENT_TARGET = 10.2;
				MTL_ENABLE_DEBUG_INFO = YES;
				ONLY_ACTIVE_ARCH = YES;
				SDKROOT = iphoneos;
			};
			name = Debug;
		};
		183926DD1E65C3CE00BED84F /* Release */ = {
			isa = XCBuildConfiguration;
			buildSettings = {
				ALWAYS_SEARCH_USER_PATHS = NO;
				CLANG_ANALYZER_NONNULL = YES;
				CLANG_CXX_LANGUAGE_STANDARD = "gnu++0x";
				CLANG_CXX_LIBRARY = "libc++";
				CLANG_ENABLE_MODULES = YES;
				CLANG_ENABLE_OBJC_ARC = YES;
				CLANG_WARN_BOOL_CONVERSION = YES;
				CLANG_WARN_CONSTANT_CONVERSION = YES;
				CLANG_WARN_DIRECT_OBJC_ISA_USAGE = YES_ERROR;
				CLANG_WARN_DOCUMENTATION_COMMENTS = YES;
				CLANG_WARN_EMPTY_BODY = YES;
				CLANG_WARN_ENUM_CONVERSION = YES;
				CLANG_WARN_INFINITE_RECURSION = YES;
				CLANG_WARN_INT_CONVERSION = YES;
				CLANG_WARN_OBJC_ROOT_CLASS = YES_ERROR;
				CLANG_WARN_SUSPICIOUS_MOVE = YES;
				CLANG_WARN_UNREACHABLE_CODE = YES;
				CLANG_WARN__DUPLICATE_METHOD_MATCH = YES;
				"CODE_SIGN_IDENTITY[sdk=iphoneos*]" = "iPhone Developer";
				COPY_PHASE_STRIP = NO;
				DEBUG_INFORMATION_FORMAT = "dwarf-with-dsym";
				ENABLE_NS_ASSERTIONS = NO;
				ENABLE_STRICT_OBJC_MSGSEND = YES;
				GCC_C_LANGUAGE_STANDARD = gnu99;
				GCC_NO_COMMON_BLOCKS = YES;
				GCC_WARN_64_TO_32_BIT_CONVERSION = YES;
				GCC_WARN_ABOUT_RETURN_TYPE = YES_ERROR;
				GCC_WARN_UNDECLARED_SELECTOR = YES;
				GCC_WARN_UNINITIALIZED_AUTOS = YES_AGGRESSIVE;
				GCC_WARN_UNUSED_FUNCTION = YES;
				GCC_WARN_UNUSED_VARIABLE = YES;
				IPHONEOS_DEPLOYMENT_TARGET = 10.2;
				MTL_ENABLE_DEBUG_INFO = NO;
				SDKROOT = iphoneos;
				VALIDATE_PRODUCT = YES;
			};
			name = Release;
		};
		183926DF1E65C3CE00BED84F /* Debug */ = {
			isa = XCBuildConfiguration;
			buildSettings = {
				ASSETCATALOG_COMPILER_APPICON_NAME = AppIcon;
				INFOPLIST_FILE = WifiLocation/Info.plist;
				LD_RUNPATH_SEARCH_PATHS = "$(inherited) @executable_path/Frameworks";
				PRODUCT_BUNDLE_IDENTIFIER = LEY.WifiLocation;
				PRODUCT_NAME = "$(TARGET_NAME)";
			};
			name = Debug;
		};
		183926E01E65C3CE00BED84F /* Release */ = {
			isa = XCBuildConfiguration;
			buildSettings = {
				ASSETCATALOG_COMPILER_APPICON_NAME = AppIcon;
				INFOPLIST_FILE = WifiLocation/Info.plist;
				LD_RUNPATH_SEARCH_PATHS = "$(inherited) @executable_path/Frameworks";
				PRODUCT_BUNDLE_IDENTIFIER = LEY.WifiLocation;
				PRODUCT_NAME = "$(TARGET_NAME)";
			};
			name = Release;
		};
/* End XCBuildConfiguration section */

/* Begin XCConfigurationList section */
		183926C21E65C3CE00BED84F /* Build configuration list for PBXProject "WifiLocation" */ = {
			isa = XCConfigurationList;
			buildConfigurations = (
				183926DC1E65C3CE00BED84F /* Debug */,
				183926DD1E65C3CE00BED84F /* Release */,
			);
			defaultConfigurationIsVisible = 0;
			defaultConfigurationName = Release;
		};
		183926DE1E65C3CE00BED84F /* Build configuration list for PBXNativeTarget "WifiLocation" */ = {
			isa = XCConfigurationList;
			buildConfigurations = (
				183926DF1E65C3CE00BED84F /* Debug */,
				183926E01E65C3CE00BED84F /* Release */,
			);
			defaultConfigurationIsVisible = 0;
		};
/* End XCConfigurationList section */
	};
	rootObject = 183926BF1E65C3CE00BED84F /* Project object */;
}
